// !$*UTF8*$!
{
	archiveVersion = 1;
	classes = {
	};
	objectVersion = 56;
	objects = {

/* Begin PBXBuildFile section */
		8405B0352A9F64DF00687B7B /* Media.swift in Sources */ = {isa = PBXBuildFile; fileRef = 8405B0342A9F64DF00687B7B /* Media.swift */; };
		8405B0382A9F934F00687B7B /* MediaPreviewTVCell.swift in Sources */ = {isa = PBXBuildFile; fileRef = 8405B0362A9F934F00687B7B /* MediaPreviewTVCell.swift */; };
		8405B0392A9F934F00687B7B /* MediaPreviewTVCell.xib in Resources */ = {isa = PBXBuildFile; fileRef = 8405B0372A9F934F00687B7B /* MediaPreviewTVCell.xib */; };
		8415C9C22A9DD2FC0053B2F2 /* AppDelegate.swift in Sources */ = {isa = PBXBuildFile; fileRef = 8415C9C12A9DD2FC0053B2F2 /* AppDelegate.swift */; };
		8415C9C92A9DD2FC0053B2F2 /* Main.storyboard in Resources */ = {isa = PBXBuildFile; fileRef = 8415C9C72A9DD2FC0053B2F2 /* Main.storyboard */; };
		8415C9CC2A9DD2FC0053B2F2 /* Dropbox_Media_Viewer.xcdatamodeld in Sources */ = {isa = PBXBuildFile; fileRef = 8415C9CA2A9DD2FC0053B2F2 /* Dropbox_Media_Viewer.xcdatamodeld */; };
		8415C9CE2A9DD3030053B2F2 /* Assets.xcassets in Resources */ = {isa = PBXBuildFile; fileRef = 8415C9CD2A9DD3030053B2F2 /* Assets.xcassets */; };
		8415C9D12A9DD3030053B2F2 /* LaunchScreen.storyboard in Resources */ = {isa = PBXBuildFile; fileRef = 8415C9CF2A9DD3030053B2F2 /* LaunchScreen.storyboard */; };
		8415C9DC2A9DD3040053B2F2 /* Dropbox_Media_ViewerTests.swift in Sources */ = {isa = PBXBuildFile; fileRef = 8415C9DB2A9DD3040053B2F2 /* Dropbox_Media_ViewerTests.swift */; };
		8415C9E62A9DD3040053B2F2 /* Dropbox_Media_ViewerUITests.swift in Sources */ = {isa = PBXBuildFile; fileRef = 8415C9E52A9DD3040053B2F2 /* Dropbox_Media_ViewerUITests.swift */; };
		8415C9E82A9DD3040053B2F2 /* Dropbox_Media_ViewerUITestsLaunchTests.swift in Sources */ = {isa = PBXBuildFile; fileRef = 8415C9E72A9DD3040053B2F2 /* Dropbox_Media_ViewerUITestsLaunchTests.swift */; };
		84205C3C2AA22CEC000437A3 /* FileDetailsTVCell.swift in Sources */ = {isa = PBXBuildFile; fileRef = 84205C3A2AA22CEC000437A3 /* FileDetailsTVCell.swift */; };
		84205C3D2AA22CEC000437A3 /* FileDetailsTVCell.xib in Resources */ = {isa = PBXBuildFile; fileRef = 84205C3B2AA22CEC000437A3 /* FileDetailsTVCell.xib */; };
		84205C402AA22D03000437A3 /* FileDescriptionTVCell.swift in Sources */ = {isa = PBXBuildFile; fileRef = 84205C3E2AA22D03000437A3 /* FileDescriptionTVCell.swift */; };
		84205C412AA22D03000437A3 /* FileDescriptionTVCell.xib in Resources */ = {isa = PBXBuildFile; fileRef = 84205C3F2AA22D03000437A3 /* FileDescriptionTVCell.xib */; };
		843CD65F2A9F9ED7004E0369 /* UIImageViewExt.swift in Sources */ = {isa = PBXBuildFile; fileRef = 843CD65E2A9F9ED7004E0369 /* UIImageViewExt.swift */; };
		84999BDF2AA5E1D400121211 /* ProfileImageTVCell.swift in Sources */ = {isa = PBXBuildFile; fileRef = 84999BDD2AA5E1D400121211 /* ProfileImageTVCell.swift */; };
		84999BE02AA5E1D400121211 /* ProfileImageTVCell.xib in Resources */ = {isa = PBXBuildFile; fileRef = 84999BDE2AA5E1D400121211 /* ProfileImageTVCell.xib */; };
		84999BE32AA5E4C000121211 /* ProfileAdditionalInfoTVCell.swift in Sources */ = {isa = PBXBuildFile; fileRef = 84999BE12AA5E4C000121211 /* ProfileAdditionalInfoTVCell.swift */; };
		84999BE42AA5E4C000121211 /* ProfileAdditionalInfoTVCell.xib in Resources */ = {isa = PBXBuildFile; fileRef = 84999BE22AA5E4C000121211 /* ProfileAdditionalInfoTVCell.xib */; };
		84999BE72AA5E87100121211 /* ProfileControlElementsTVCell.swift in Sources */ = {isa = PBXBuildFile; fileRef = 84999BE52AA5E87100121211 /* ProfileControlElementsTVCell.swift */; };
		84999BE82AA5E87100121211 /* ProfileControlElementsTVCell.xib in Resources */ = {isa = PBXBuildFile; fileRef = 84999BE62AA5E87100121211 /* ProfileControlElementsTVCell.xib */; };
		849C72EC2AA72AAC00B48BBC /* Dropbox_Media_ViewerAPITests.swift in Sources */ = {isa = PBXBuildFile; fileRef = 849C72EB2AA72AAC00B48BBC /* Dropbox_Media_ViewerAPITests.swift */; };
		849C72EE2AA73AB600B48BBC /* MediaPreviewTVCellTests.swift in Sources */ = {isa = PBXBuildFile; fileRef = 849C72ED2AA73AB600B48BBC /* MediaPreviewTVCellTests.swift */; };
		849C72F32AA73E4D00B48BBC /* MediaPreviewTVCell.swift in Sources */ = {isa = PBXBuildFile; fileRef = 8405B0362A9F934F00687B7B /* MediaPreviewTVCell.swift */; };
		849C72F42AA73E4E00B48BBC /* MediaPreviewTVCell.swift in Sources */ = {isa = PBXBuildFile; fileRef = 8405B0362A9F934F00687B7B /* MediaPreviewTVCell.swift */; };
		849C72F62AA73F1B00B48BBC /* FileDetailsTVCellTests.swift in Sources */ = {isa = PBXBuildFile; fileRef = 849C72F52AA73F1B00B48BBC /* FileDetailsTVCellTests.swift */; };
		849C72F72AA73F3100B48BBC /* FileDetailsTVCell.swift in Sources */ = {isa = PBXBuildFile; fileRef = 84205C3A2AA22CEC000437A3 /* FileDetailsTVCell.swift */; };
		849C72F82AA73F3200B48BBC /* FileDetailsTVCell.swift in Sources */ = {isa = PBXBuildFile; fileRef = 84205C3A2AA22CEC000437A3 /* FileDetailsTVCell.swift */; };
		849C72FB2AA742DF00B48BBC /* FileDescriptionTVCell.swift in Sources */ = {isa = PBXBuildFile; fileRef = 84205C3E2AA22D03000437A3 /* FileDescriptionTVCell.swift */; };
		849C72FC2AA742DF00B48BBC /* FileDescriptionTVCell.swift in Sources */ = {isa = PBXBuildFile; fileRef = 84205C3E2AA22D03000437A3 /* FileDescriptionTVCell.swift */; };
		849C72FE2AA7432200B48BBC /* FileDescriptionTVCellTests.swift in Sources */ = {isa = PBXBuildFile; fileRef = 849C72FD2AA7432200B48BBC /* FileDescriptionTVCellTests.swift */; };
		849C73002AA7445B00B48BBC /* ProfileImageTVCellTests.swift in Sources */ = {isa = PBXBuildFile; fileRef = 849C72FF2AA7445B00B48BBC /* ProfileImageTVCellTests.swift */; };
		849C73012AA7449100B48BBC /* ProfileImageTVCell.swift in Sources */ = {isa = PBXBuildFile; fileRef = 84999BDD2AA5E1D400121211 /* ProfileImageTVCell.swift */; };
		849C73022AA7449100B48BBC /* ProfileImageTVCell.swift in Sources */ = {isa = PBXBuildFile; fileRef = 84999BDD2AA5E1D400121211 /* ProfileImageTVCell.swift */; };
		849C73032AA7476200B48BBC /* BaseVC.swift in Sources */ = {isa = PBXBuildFile; fileRef = 84A61A542A9DE064000B621B /* BaseVC.swift */; };
		849C73042AA7476200B48BBC /* BaseVC.swift in Sources */ = {isa = PBXBuildFile; fileRef = 84A61A542A9DE064000B621B /* BaseVC.swift */; };
		849C73052AA7476500B48BBC /* BaseTVCell.swift in Sources */ = {isa = PBXBuildFile; fileRef = 84A61A572A9DE11F000B621B /* BaseTVCell.swift */; };
		849C73062AA7476500B48BBC /* BaseTVCell.swift in Sources */ = {isa = PBXBuildFile; fileRef = 84A61A572A9DE11F000B621B /* BaseTVCell.swift */; };
		849C73072AA7476700B48BBC /* BaseCVCell.swift in Sources */ = {isa = PBXBuildFile; fileRef = 84A61A5A2A9DE154000B621B /* BaseCVCell.swift */; };
		849C73082AA7476700B48BBC /* BaseCVCell.swift in Sources */ = {isa = PBXBuildFile; fileRef = 84A61A5A2A9DE154000B621B /* BaseCVCell.swift */; };
		849C73092AA7476E00B48BBC /* Media.swift in Sources */ = {isa = PBXBuildFile; fileRef = 8405B0342A9F64DF00687B7B /* Media.swift */; };
		849C730A2AA7476E00B48BBC /* Media.swift in Sources */ = {isa = PBXBuildFile; fileRef = 8405B0342A9F64DF00687B7B /* Media.swift */; };
		849C730B2AA7477000B48BBC /* UserML.swift in Sources */ = {isa = PBXBuildFile; fileRef = 84C04AC22A9E3D8B00F18443 /* UserML.swift */; };
		849C730C2AA7477100B48BBC /* UserML.swift in Sources */ = {isa = PBXBuildFile; fileRef = 84C04AC22A9E3D8B00F18443 /* UserML.swift */; };
		849C730D2AA747A500B48BBC /* APIManager.swift in Sources */ = {isa = PBXBuildFile; fileRef = 84A61A762A9DE798000B621B /* APIManager.swift */; };
		849C730E2AA747A500B48BBC /* APIManager.swift in Sources */ = {isa = PBXBuildFile; fileRef = 84A61A762A9DE798000B621B /* APIManager.swift */; };
		849C730F2AA747AE00B48BBC /* CacheManager.swift in Sources */ = {isa = PBXBuildFile; fileRef = 84C04AC42A9E3F0200F18443 /* CacheManager.swift */; };
		849C73102AA747AE00B48BBC /* CacheManager.swift in Sources */ = {isa = PBXBuildFile; fileRef = 84C04AC42A9E3F0200F18443 /* CacheManager.swift */; };
		849C73112AA747B600B48BBC /* AppConfiguration.swift in Sources */ = {isa = PBXBuildFile; fileRef = 84A61A492A9DD83F000B621B /* AppConfiguration.swift */; };
		849C73122AA747B600B48BBC /* AppConfiguration.swift in Sources */ = {isa = PBXBuildFile; fileRef = 84A61A492A9DD83F000B621B /* AppConfiguration.swift */; };
		849C73132AA747D200B48BBC /* MediaVC.swift in Sources */ = {isa = PBXBuildFile; fileRef = 84A61A6A2A9DE5B7000B621B /* MediaVC.swift */; };
		849C73142AA747D300B48BBC /* MediaVC.swift in Sources */ = {isa = PBXBuildFile; fileRef = 84A61A6A2A9DE5B7000B621B /* MediaVC.swift */; };
		849C73152AA7481000B48BBC /* MainTabBarController.swift in Sources */ = {isa = PBXBuildFile; fileRef = 84A61A5D2A9DE1AA000B621B /* MainTabBarController.swift */; };
		849C73162AA7481000B48BBC /* MainTabBarController.swift in Sources */ = {isa = PBXBuildFile; fileRef = 84A61A5D2A9DE1AA000B621B /* MainTabBarController.swift */; };
		849C73172AA7481700B48BBC /* ProfileVC.swift in Sources */ = {isa = PBXBuildFile; fileRef = 84A61A6C2A9DE5CA000B621B /* ProfileVC.swift */; };
		849C73182AA7481700B48BBC /* ProfileVC.swift in Sources */ = {isa = PBXBuildFile; fileRef = 84A61A6C2A9DE5CA000B621B /* ProfileVC.swift */; };
		849C73192AA7482700B48BBC /* UIViewExt.swift in Sources */ = {isa = PBXBuildFile; fileRef = 84A61A612A9DE24D000B621B /* UIViewExt.swift */; };
		849C731A2AA7482700B48BBC /* UIViewExt.swift in Sources */ = {isa = PBXBuildFile; fileRef = 84A61A612A9DE24D000B621B /* UIViewExt.swift */; };
		849C731B2AA7483100B48BBC /* UInt64Ext.swift in Sources */ = {isa = PBXBuildFile; fileRef = 84F5F4BB2AA24E5100BBEC15 /* UInt64Ext.swift */; };
		849C731C2AA7483100B48BBC /* UInt64Ext.swift in Sources */ = {isa = PBXBuildFile; fileRef = 84F5F4BB2AA24E5100BBEC15 /* UInt64Ext.swift */; };
		849C731D2AA7483600B48BBC /* UIImageViewExt.swift in Sources */ = {isa = PBXBuildFile; fileRef = 843CD65E2A9F9ED7004E0369 /* UIImageViewExt.swift */; };
		849C731E2AA7483700B48BBC /* UIImageViewExt.swift in Sources */ = {isa = PBXBuildFile; fileRef = 843CD65E2A9F9ED7004E0369 /* UIImageViewExt.swift */; };
		849C731F2AA7483900B48BBC /* UIButtonExt.swift in Sources */ = {isa = PBXBuildFile; fileRef = 84A61A5F2A9DE207000B621B /* UIButtonExt.swift */; };
		849C73202AA7483900B48BBC /* UIButtonExt.swift in Sources */ = {isa = PBXBuildFile; fileRef = 84A61A5F2A9DE207000B621B /* UIButtonExt.swift */; };
		849C73212AA7483D00B48BBC /* UIImageExt.swift in Sources */ = {isa = PBXBuildFile; fileRef = 84AF0D252AA4DCEA00EBCEAB /* UIImageExt.swift */; };
		849C73222AA7483E00B48BBC /* UIImageExt.swift in Sources */ = {isa = PBXBuildFile; fileRef = 84AF0D252AA4DCEA00EBCEAB /* UIImageExt.swift */; };
		849C73232AA7484000B48BBC /* DateExt.swift in Sources */ = {isa = PBXBuildFile; fileRef = 84F5F4BD2AA24F7600BBEC15 /* DateExt.swift */; };
		849C73242AA7484100B48BBC /* DateExt.swift in Sources */ = {isa = PBXBuildFile; fileRef = 84F5F4BD2AA24F7600BBEC15 /* DateExt.swift */; };
		849C73252AA7484300B48BBC /* NotificationExt.swift in Sources */ = {isa = PBXBuildFile; fileRef = 84A61A652A9DE48B000B621B /* NotificationExt.swift */; };
		849C73262AA7484400B48BBC /* NotificationExt.swift in Sources */ = {isa = PBXBuildFile; fileRef = 84A61A652A9DE48B000B621B /* NotificationExt.swift */; };
		849C73272AA7484700B48BBC /* IBInspectableExt.swift in Sources */ = {isa = PBXBuildFile; fileRef = 84A61A632A9DE2A5000B621B /* IBInspectableExt.swift */; };
		849C73282AA7484800B48BBC /* IBInspectableExt.swift in Sources */ = {isa = PBXBuildFile; fileRef = 84A61A632A9DE2A5000B621B /* IBInspectableExt.swift */; };
		849C73292AA7486600B48BBC /* ProfileControlElementsTVCell.swift in Sources */ = {isa = PBXBuildFile; fileRef = 84999BE52AA5E87100121211 /* ProfileControlElementsTVCell.swift */; };
		849C732A2AA7486700B48BBC /* ProfileControlElementsTVCell.swift in Sources */ = {isa = PBXBuildFile; fileRef = 84999BE52AA5E87100121211 /* ProfileControlElementsTVCell.swift */; };
		849C732B2AA7486D00B48BBC /* AppDelegate.swift in Sources */ = {isa = PBXBuildFile; fileRef = 8415C9C12A9DD2FC0053B2F2 /* AppDelegate.swift */; };
		849C732C2AA7486E00B48BBC /* AppDelegate.swift in Sources */ = {isa = PBXBuildFile; fileRef = 8415C9C12A9DD2FC0053B2F2 /* AppDelegate.swift */; };
		849C732D2AA7488B00B48BBC /* ProfileAdditionalInfoTVCell.swift in Sources */ = {isa = PBXBuildFile; fileRef = 84999BE12AA5E4C000121211 /* ProfileAdditionalInfoTVCell.swift */; };
		849C732E2AA7488C00B48BBC /* ProfileAdditionalInfoTVCell.swift in Sources */ = {isa = PBXBuildFile; fileRef = 84999BE12AA5E4C000121211 /* ProfileAdditionalInfoTVCell.swift */; };
		849C732F2AA748BA00B48BBC /* CoreDataManager.swift in Sources */ = {isa = PBXBuildFile; fileRef = 84A61A782A9DE881000B621B /* CoreDataManager.swift */; };
		849C73302AA748BA00B48BBC /* CoreDataManager.swift in Sources */ = {isa = PBXBuildFile; fileRef = 84A61A782A9DE881000B621B /* CoreDataManager.swift */; };
		849C73312AA748C200B48BBC /* MediaDetailsVC.swift in Sources */ = {isa = PBXBuildFile; fileRef = 84A61A712A9DE663000B621B /* MediaDetailsVC.swift */; };
		849C73322AA748C200B48BBC /* MediaDetailsVC.swift in Sources */ = {isa = PBXBuildFile; fileRef = 84A61A712A9DE663000B621B /* MediaDetailsVC.swift */; };
		849C73332AA748E100B48BBC /* AuthVC.swift in Sources */ = {isa = PBXBuildFile; fileRef = 84A61A502A9DE02D000B621B /* AuthVC.swift */; };
		849C73342AA748E100B48BBC /* AuthVC.swift in Sources */ = {isa = PBXBuildFile; fileRef = 84A61A502A9DE02D000B621B /* AuthVC.swift */; };
		84A61A4A2A9DD83F000B621B /* AppConfiguration.swift in Sources */ = {isa = PBXBuildFile; fileRef = 84A61A492A9DD83F000B621B /* AppConfiguration.swift */; };
		84A61A512A9DE02D000B621B /* AuthVC.swift in Sources */ = {isa = PBXBuildFile; fileRef = 84A61A502A9DE02D000B621B /* AuthVC.swift */; };
		84A61A552A9DE064000B621B /* BaseVC.swift in Sources */ = {isa = PBXBuildFile; fileRef = 84A61A542A9DE064000B621B /* BaseVC.swift */; };
		84A61A582A9DE11F000B621B /* BaseTVCell.swift in Sources */ = {isa = PBXBuildFile; fileRef = 84A61A572A9DE11F000B621B /* BaseTVCell.swift */; };
		84A61A5B2A9DE154000B621B /* BaseCVCell.swift in Sources */ = {isa = PBXBuildFile; fileRef = 84A61A5A2A9DE154000B621B /* BaseCVCell.swift */; };
		84A61A5E2A9DE1AA000B621B /* MainTabBarController.swift in Sources */ = {isa = PBXBuildFile; fileRef = 84A61A5D2A9DE1AA000B621B /* MainTabBarController.swift */; };
		84A61A602A9DE207000B621B /* UIButtonExt.swift in Sources */ = {isa = PBXBuildFile; fileRef = 84A61A5F2A9DE207000B621B /* UIButtonExt.swift */; };
		84A61A622A9DE24D000B621B /* UIViewExt.swift in Sources */ = {isa = PBXBuildFile; fileRef = 84A61A612A9DE24D000B621B /* UIViewExt.swift */; };
		84A61A642A9DE2A5000B621B /* IBInspectableExt.swift in Sources */ = {isa = PBXBuildFile; fileRef = 84A61A632A9DE2A5000B621B /* IBInspectableExt.swift */; };
		84A61A662A9DE48B000B621B /* NotificationExt.swift in Sources */ = {isa = PBXBuildFile; fileRef = 84A61A652A9DE48B000B621B /* NotificationExt.swift */; };
		84A61A6B2A9DE5B7000B621B /* MediaVC.swift in Sources */ = {isa = PBXBuildFile; fileRef = 84A61A6A2A9DE5B7000B621B /* MediaVC.swift */; };
		84A61A6D2A9DE5CA000B621B /* ProfileVC.swift in Sources */ = {isa = PBXBuildFile; fileRef = 84A61A6C2A9DE5CA000B621B /* ProfileVC.swift */; };
		84A61A722A9DE663000B621B /* MediaDetailsVC.swift in Sources */ = {isa = PBXBuildFile; fileRef = 84A61A712A9DE663000B621B /* MediaDetailsVC.swift */; };
		84A61A772A9DE798000B621B /* APIManager.swift in Sources */ = {isa = PBXBuildFile; fileRef = 84A61A762A9DE798000B621B /* APIManager.swift */; };
		84A61A792A9DE881000B621B /* CoreDataManager.swift in Sources */ = {isa = PBXBuildFile; fileRef = 84A61A782A9DE881000B621B /* CoreDataManager.swift */; };
		84A61A7B2A9DEC0A000B621B /* Auth.storyboard in Resources */ = {isa = PBXBuildFile; fileRef = 84A61A7A2A9DEC0A000B621B /* Auth.storyboard */; };
		84A61A7D2A9DEC31000B621B /* Media.storyboard in Resources */ = {isa = PBXBuildFile; fileRef = 84A61A7C2A9DEC31000B621B /* Media.storyboard */; };
		84A61A7F2A9DEC49000B621B /* Profile.storyboard in Resources */ = {isa = PBXBuildFile; fileRef = 84A61A7E2A9DEC49000B621B /* Profile.storyboard */; };
		84AF0D262AA4DCEA00EBCEAB /* UIImageExt.swift in Sources */ = {isa = PBXBuildFile; fileRef = 84AF0D252AA4DCEA00EBCEAB /* UIImageExt.swift */; };
		84B2425A2AA6279500255CE6 /* Pushwoosh in Frameworks */ = {isa = PBXBuildFile; productRef = 84B242592AA6279500255CE6 /* Pushwoosh */; };
		84B242622AA6288300255CE6 /* NotificationService.swift in Sources */ = {isa = PBXBuildFile; fileRef = 84B242612AA6288300255CE6 /* NotificationService.swift */; };
		84B242662AA6288300255CE6 /* PW.appex in Embed Foundation Extensions */ = {isa = PBXBuildFile; fileRef = 84B2425F2AA6288300255CE6 /* PW.appex */; settings = {ATTRIBUTES = (RemoveHeadersOnCopy, ); }; };
		84C04AC32A9E3D8B00F18443 /* UserML.swift in Sources */ = {isa = PBXBuildFile; fileRef = 84C04AC22A9E3D8B00F18443 /* UserML.swift */; };
		84C04AC52A9E3F0200F18443 /* CacheManager.swift in Sources */ = {isa = PBXBuildFile; fileRef = 84C04AC42A9E3F0200F18443 /* CacheManager.swift */; };
		84F5F4BC2AA24E5100BBEC15 /* UInt64Ext.swift in Sources */ = {isa = PBXBuildFile; fileRef = 84F5F4BB2AA24E5100BBEC15 /* UInt64Ext.swift */; };
		84F5F4BE2AA24F7600BBEC15 /* DateExt.swift in Sources */ = {isa = PBXBuildFile; fileRef = 84F5F4BD2AA24F7600BBEC15 /* DateExt.swift */; };
		8B2F5891F73F98E9A5C69215 /* Pods_Dropbox_Media_Viewer_Dropbox_Media_ViewerUITests.framework in Frameworks */ = {isa = PBXBuildFile; fileRef = 322861A2EE544F7E7B607052 /* Pods_Dropbox_Media_Viewer_Dropbox_Media_ViewerUITests.framework */; };
		B59FC73984AE1E2BF61E40AE /* Pods_Dropbox_Media_ViewerTests.framework in Frameworks */ = {isa = PBXBuildFile; fileRef = EFDA62EFBCE0627DEB92B23F /* Pods_Dropbox_Media_ViewerTests.framework */; };
		D66DC66BE243099B345A3C0C /* Pods_Dropbox_Media_Viewer.framework in Frameworks */ = {isa = PBXBuildFile; fileRef = 2B50870FE5C5D7F8AA8F47BC /* Pods_Dropbox_Media_Viewer.framework */; };
/* End PBXBuildFile section */

/* Begin PBXContainerItemProxy section */
		8415C9D82A9DD3040053B2F2 /* PBXContainerItemProxy */ = {
			isa = PBXContainerItemProxy;
			containerPortal = 8415C9B62A9DD2FC0053B2F2 /* Project object */;
			proxyType = 1;
			remoteGlobalIDString = 8415C9BD2A9DD2FC0053B2F2;
			remoteInfo = "Dropbox Media Viewer";
		};
		8415C9E22A9DD3040053B2F2 /* PBXContainerItemProxy */ = {
			isa = PBXContainerItemProxy;
			containerPortal = 8415C9B62A9DD2FC0053B2F2 /* Project object */;
			proxyType = 1;
			remoteGlobalIDString = 8415C9BD2A9DD2FC0053B2F2;
			remoteInfo = "Dropbox Media Viewer";
		};
		84B242642AA6288300255CE6 /* PBXContainerItemProxy */ = {
			isa = PBXContainerItemProxy;
			containerPortal = 8415C9B62A9DD2FC0053B2F2 /* Project object */;
			proxyType = 1;
			remoteGlobalIDString = 84B2425E2AA6288300255CE6;
			remoteInfo = PW;
		};
/* End PBXContainerItemProxy section */

/* Begin PBXCopyFilesBuildPhase section */
		84B242572AA61CC700255CE6 /* Embed Foundation Extensions */ = {
			isa = PBXCopyFilesBuildPhase;
			buildActionMask = 2147483647;
			dstPath = "";
			dstSubfolderSpec = 13;
			files = (
				84B242662AA6288300255CE6 /* PW.appex in Embed Foundation Extensions */,
			);
			name = "Embed Foundation Extensions";
			runOnlyForDeploymentPostprocessing = 0;
		};
/* End PBXCopyFilesBuildPhase section */

/* Begin PBXFileReference section */
		0B13204487779C15B0C6D2F7 /* Pods-Dropbox Media Viewer.release.xcconfig */ = {isa = PBXFileReference; includeInIndex = 1; lastKnownFileType = text.xcconfig; name = "Pods-Dropbox Media Viewer.release.xcconfig"; path = "Target Support Files/Pods-Dropbox Media Viewer/Pods-Dropbox Media Viewer.release.xcconfig"; sourceTree = "<group>"; };
		1AC6659E4F022CE0977C1024 /* Pods-Dropbox Media Viewer-Dropbox Media ViewerUITests.release.xcconfig */ = {isa = PBXFileReference; includeInIndex = 1; lastKnownFileType = text.xcconfig; name = "Pods-Dropbox Media Viewer-Dropbox Media ViewerUITests.release.xcconfig"; path = "Target Support Files/Pods-Dropbox Media Viewer-Dropbox Media ViewerUITests/Pods-Dropbox Media Viewer-Dropbox Media ViewerUITests.release.xcconfig"; sourceTree = "<group>"; };
		2B50870FE5C5D7F8AA8F47BC /* Pods_Dropbox_Media_Viewer.framework */ = {isa = PBXFileReference; explicitFileType = wrapper.framework; includeInIndex = 0; path = Pods_Dropbox_Media_Viewer.framework; sourceTree = BUILT_PRODUCTS_DIR; };
		322861A2EE544F7E7B607052 /* Pods_Dropbox_Media_Viewer_Dropbox_Media_ViewerUITests.framework */ = {isa = PBXFileReference; explicitFileType = wrapper.framework; includeInIndex = 0; path = Pods_Dropbox_Media_Viewer_Dropbox_Media_ViewerUITests.framework; sourceTree = BUILT_PRODUCTS_DIR; };
		6615700D97796E21C2A7D188 /* Pods-Dropbox Media ViewerTests.release.xcconfig */ = {isa = PBXFileReference; includeInIndex = 1; lastKnownFileType = text.xcconfig; name = "Pods-Dropbox Media ViewerTests.release.xcconfig"; path = "Target Support Files/Pods-Dropbox Media ViewerTests/Pods-Dropbox Media ViewerTests.release.xcconfig"; sourceTree = "<group>"; };
		8405B0342A9F64DF00687B7B /* Media.swift */ = {isa = PBXFileReference; lastKnownFileType = sourcecode.swift; path = Media.swift; sourceTree = "<group>"; };
		8405B0362A9F934F00687B7B /* MediaPreviewTVCell.swift */ = {isa = PBXFileReference; lastKnownFileType = sourcecode.swift; path = MediaPreviewTVCell.swift; sourceTree = "<group>"; };
		8405B0372A9F934F00687B7B /* MediaPreviewTVCell.xib */ = {isa = PBXFileReference; lastKnownFileType = file.xib; path = MediaPreviewTVCell.xib; sourceTree = "<group>"; };
		8415C9BE2A9DD2FC0053B2F2 /* Dropbox Media Viewer.app */ = {isa = PBXFileReference; explicitFileType = wrapper.application; includeInIndex = 0; path = "Dropbox Media Viewer.app"; sourceTree = BUILT_PRODUCTS_DIR; };
		8415C9C12A9DD2FC0053B2F2 /* AppDelegate.swift */ = {isa = PBXFileReference; lastKnownFileType = sourcecode.swift; path = AppDelegate.swift; sourceTree = "<group>"; };
		8415C9C82A9DD2FC0053B2F2 /* Base */ = {isa = PBXFileReference; lastKnownFileType = file.storyboard; name = Base; path = Base.lproj/Main.storyboard; sourceTree = "<group>"; };
		8415C9CB2A9DD2FC0053B2F2 /* Dropbox_Media_Viewer.xcdatamodel */ = {isa = PBXFileReference; lastKnownFileType = wrapper.xcdatamodel; path = Dropbox_Media_Viewer.xcdatamodel; sourceTree = "<group>"; };
		8415C9CD2A9DD3030053B2F2 /* Assets.xcassets */ = {isa = PBXFileReference; lastKnownFileType = folder.assetcatalog; path = Assets.xcassets; sourceTree = "<group>"; };
		8415C9D02A9DD3030053B2F2 /* Base */ = {isa = PBXFileReference; lastKnownFileType = file.storyboard; name = Base; path = Base.lproj/LaunchScreen.storyboard; sourceTree = "<group>"; };
		8415C9D22A9DD3030053B2F2 /* Info.plist */ = {isa = PBXFileReference; lastKnownFileType = text.plist.xml; name = Info.plist; path = "Dropbox Media Viewer/Info/Info.plist"; sourceTree = SOURCE_ROOT; };
		8415C9D72A9DD3040053B2F2 /* Dropbox Media ViewerTests.xctest */ = {isa = PBXFileReference; explicitFileType = wrapper.cfbundle; includeInIndex = 0; path = "Dropbox Media ViewerTests.xctest"; sourceTree = BUILT_PRODUCTS_DIR; };
		8415C9DB2A9DD3040053B2F2 /* Dropbox_Media_ViewerTests.swift */ = {isa = PBXFileReference; lastKnownFileType = sourcecode.swift; path = Dropbox_Media_ViewerTests.swift; sourceTree = "<group>"; };
		8415C9E12A9DD3040053B2F2 /* Dropbox Media ViewerUITests.xctest */ = {isa = PBXFileReference; explicitFileType = wrapper.cfbundle; includeInIndex = 0; path = "Dropbox Media ViewerUITests.xctest"; sourceTree = BUILT_PRODUCTS_DIR; };
		8415C9E52A9DD3040053B2F2 /* Dropbox_Media_ViewerUITests.swift */ = {isa = PBXFileReference; lastKnownFileType = sourcecode.swift; path = Dropbox_Media_ViewerUITests.swift; sourceTree = "<group>"; };
		8415C9E72A9DD3040053B2F2 /* Dropbox_Media_ViewerUITestsLaunchTests.swift */ = {isa = PBXFileReference; lastKnownFileType = sourcecode.swift; path = Dropbox_Media_ViewerUITestsLaunchTests.swift; sourceTree = "<group>"; };
		84205C3A2AA22CEC000437A3 /* FileDetailsTVCell.swift */ = {isa = PBXFileReference; lastKnownFileType = sourcecode.swift; path = FileDetailsTVCell.swift; sourceTree = "<group>"; };
		84205C3B2AA22CEC000437A3 /* FileDetailsTVCell.xib */ = {isa = PBXFileReference; lastKnownFileType = file.xib; path = FileDetailsTVCell.xib; sourceTree = "<group>"; };
		84205C3E2AA22D03000437A3 /* FileDescriptionTVCell.swift */ = {isa = PBXFileReference; lastKnownFileType = sourcecode.swift; path = FileDescriptionTVCell.swift; sourceTree = "<group>"; };
		84205C3F2AA22D03000437A3 /* FileDescriptionTVCell.xib */ = {isa = PBXFileReference; lastKnownFileType = file.xib; path = FileDescriptionTVCell.xib; sourceTree = "<group>"; };
		843CD65E2A9F9ED7004E0369 /* UIImageViewExt.swift */ = {isa = PBXFileReference; lastKnownFileType = sourcecode.swift; path = UIImageViewExt.swift; sourceTree = "<group>"; };
		84999BDD2AA5E1D400121211 /* ProfileImageTVCell.swift */ = {isa = PBXFileReference; lastKnownFileType = sourcecode.swift; path = ProfileImageTVCell.swift; sourceTree = "<group>"; };
		84999BDE2AA5E1D400121211 /* ProfileImageTVCell.xib */ = {isa = PBXFileReference; lastKnownFileType = file.xib; path = ProfileImageTVCell.xib; sourceTree = "<group>"; };
		84999BE12AA5E4C000121211 /* ProfileAdditionalInfoTVCell.swift */ = {isa = PBXFileReference; lastKnownFileType = sourcecode.swift; path = ProfileAdditionalInfoTVCell.swift; sourceTree = "<group>"; };
		84999BE22AA5E4C000121211 /* ProfileAdditionalInfoTVCell.xib */ = {isa = PBXFileReference; lastKnownFileType = file.xib; path = ProfileAdditionalInfoTVCell.xib; sourceTree = "<group>"; };
		84999BE52AA5E87100121211 /* ProfileControlElementsTVCell.swift */ = {isa = PBXFileReference; lastKnownFileType = sourcecode.swift; path = ProfileControlElementsTVCell.swift; sourceTree = "<group>"; };
		84999BE62AA5E87100121211 /* ProfileControlElementsTVCell.xib */ = {isa = PBXFileReference; lastKnownFileType = file.xib; path = ProfileControlElementsTVCell.xib; sourceTree = "<group>"; };
		849C72EB2AA72AAC00B48BBC /* Dropbox_Media_ViewerAPITests.swift */ = {isa = PBXFileReference; lastKnownFileType = sourcecode.swift; path = Dropbox_Media_ViewerAPITests.swift; sourceTree = "<group>"; };
		849C72ED2AA73AB600B48BBC /* MediaPreviewTVCellTests.swift */ = {isa = PBXFileReference; lastKnownFileType = sourcecode.swift; path = MediaPreviewTVCellTests.swift; sourceTree = "<group>"; };
		849C72F52AA73F1B00B48BBC /* FileDetailsTVCellTests.swift */ = {isa = PBXFileReference; lastKnownFileType = sourcecode.swift; path = FileDetailsTVCellTests.swift; sourceTree = "<group>"; };
		849C72FD2AA7432200B48BBC /* FileDescriptionTVCellTests.swift */ = {isa = PBXFileReference; lastKnownFileType = sourcecode.swift; path = FileDescriptionTVCellTests.swift; sourceTree = "<group>"; };
		849C72FF2AA7445B00B48BBC /* ProfileImageTVCellTests.swift */ = {isa = PBXFileReference; lastKnownFileType = sourcecode.swift; path = ProfileImageTVCellTests.swift; sourceTree = "<group>"; };
		84A61A492A9DD83F000B621B /* AppConfiguration.swift */ = {isa = PBXFileReference; lastKnownFileType = sourcecode.swift; path = AppConfiguration.swift; sourceTree = "<group>"; };
		84A61A502A9DE02D000B621B /* AuthVC.swift */ = {isa = PBXFileReference; lastKnownFileType = sourcecode.swift; path = AuthVC.swift; sourceTree = "<group>"; };
		84A61A542A9DE064000B621B /* BaseVC.swift */ = {isa = PBXFileReference; lastKnownFileType = sourcecode.swift; path = BaseVC.swift; sourceTree = "<group>"; };
		84A61A572A9DE11F000B621B /* BaseTVCell.swift */ = {isa = PBXFileReference; lastKnownFileType = sourcecode.swift; path = BaseTVCell.swift; sourceTree = "<group>"; };
		84A61A5A2A9DE154000B621B /* BaseCVCell.swift */ = {isa = PBXFileReference; lastKnownFileType = sourcecode.swift; path = BaseCVCell.swift; sourceTree = "<group>"; };
		84A61A5D2A9DE1AA000B621B /* MainTabBarController.swift */ = {isa = PBXFileReference; lastKnownFileType = sourcecode.swift; path = MainTabBarController.swift; sourceTree = "<group>"; };
		84A61A5F2A9DE207000B621B /* UIButtonExt.swift */ = {isa = PBXFileReference; lastKnownFileType = sourcecode.swift; path = UIButtonExt.swift; sourceTree = "<group>"; };
		84A61A612A9DE24D000B621B /* UIViewExt.swift */ = {isa = PBXFileReference; lastKnownFileType = sourcecode.swift; path = UIViewExt.swift; sourceTree = "<group>"; };
		84A61A632A9DE2A5000B621B /* IBInspectableExt.swift */ = {isa = PBXFileReference; lastKnownFileType = sourcecode.swift; path = IBInspectableExt.swift; sourceTree = "<group>"; };
		84A61A652A9DE48B000B621B /* NotificationExt.swift */ = {isa = PBXFileReference; lastKnownFileType = sourcecode.swift; path = NotificationExt.swift; sourceTree = "<group>"; };
		84A61A6A2A9DE5B7000B621B /* MediaVC.swift */ = {isa = PBXFileReference; lastKnownFileType = sourcecode.swift; path = MediaVC.swift; sourceTree = "<group>"; };
		84A61A6C2A9DE5CA000B621B /* ProfileVC.swift */ = {isa = PBXFileReference; lastKnownFileType = sourcecode.swift; path = ProfileVC.swift; sourceTree = "<group>"; };
		84A61A712A9DE663000B621B /* MediaDetailsVC.swift */ = {isa = PBXFileReference; lastKnownFileType = sourcecode.swift; path = MediaDetailsVC.swift; sourceTree = "<group>"; };
		84A61A762A9DE798000B621B /* APIManager.swift */ = {isa = PBXFileReference; lastKnownFileType = sourcecode.swift; path = APIManager.swift; sourceTree = "<group>"; };
		84A61A782A9DE881000B621B /* CoreDataManager.swift */ = {isa = PBXFileReference; lastKnownFileType = sourcecode.swift; path = CoreDataManager.swift; sourceTree = "<group>"; };
		84A61A7A2A9DEC0A000B621B /* Auth.storyboard */ = {isa = PBXFileReference; lastKnownFileType = file.storyboard; path = Auth.storyboard; sourceTree = "<group>"; };
		84A61A7C2A9DEC31000B621B /* Media.storyboard */ = {isa = PBXFileReference; lastKnownFileType = file.storyboard; path = Media.storyboard; sourceTree = "<group>"; };
		84A61A7E2A9DEC49000B621B /* Profile.storyboard */ = {isa = PBXFileReference; lastKnownFileType = file.storyboard; path = Profile.storyboard; sourceTree = "<group>"; };
		84AF0D252AA4DCEA00EBCEAB /* UIImageExt.swift */ = {isa = PBXFileReference; lastKnownFileType = sourcecode.swift; path = UIImageExt.swift; sourceTree = "<group>"; };
		84B242472AA61C5C00255CE6 /* Dropbox Media Viewer.entitlements */ = {isa = PBXFileReference; lastKnownFileType = text.plist.entitlements; path = "Dropbox Media Viewer.entitlements"; sourceTree = "<group>"; };
		84B2425F2AA6288300255CE6 /* PW.appex */ = {isa = PBXFileReference; explicitFileType = "wrapper.app-extension"; includeInIndex = 0; path = PW.appex; sourceTree = BUILT_PRODUCTS_DIR; };
		84B242612AA6288300255CE6 /* NotificationService.swift */ = {isa = PBXFileReference; lastKnownFileType = sourcecode.swift; path = NotificationService.swift; sourceTree = "<group>"; };
		84B242632AA6288300255CE6 /* Info.plist */ = {isa = PBXFileReference; lastKnownFileType = text.plist.xml; path = Info.plist; sourceTree = "<group>"; };
		84C04AC22A9E3D8B00F18443 /* UserML.swift */ = {isa = PBXFileReference; lastKnownFileType = sourcecode.swift; path = UserML.swift; sourceTree = "<group>"; };
		84C04AC42A9E3F0200F18443 /* CacheManager.swift */ = {isa = PBXFileReference; lastKnownFileType = sourcecode.swift; path = CacheManager.swift; sourceTree = "<group>"; };
		84F5F4BB2AA24E5100BBEC15 /* UInt64Ext.swift */ = {isa = PBXFileReference; lastKnownFileType = sourcecode.swift; path = UInt64Ext.swift; sourceTree = "<group>"; };
		84F5F4BD2AA24F7600BBEC15 /* DateExt.swift */ = {isa = PBXFileReference; lastKnownFileType = sourcecode.swift; path = DateExt.swift; sourceTree = "<group>"; };
		8A0545DFBB8B36A8A9F55F52 /* Pods-Dropbox Media Viewer-Dropbox Media ViewerUITests.debug.xcconfig */ = {isa = PBXFileReference; includeInIndex = 1; lastKnownFileType = text.xcconfig; name = "Pods-Dropbox Media Viewer-Dropbox Media ViewerUITests.debug.xcconfig"; path = "Target Support Files/Pods-Dropbox Media Viewer-Dropbox Media ViewerUITests/Pods-Dropbox Media Viewer-Dropbox Media ViewerUITests.debug.xcconfig"; sourceTree = "<group>"; };
		E61E62D2488C1AED8A1F4157 /* Pods-Dropbox Media Viewer.debug.xcconfig */ = {isa = PBXFileReference; includeInIndex = 1; lastKnownFileType = text.xcconfig; name = "Pods-Dropbox Media Viewer.debug.xcconfig"; path = "Target Support Files/Pods-Dropbox Media Viewer/Pods-Dropbox Media Viewer.debug.xcconfig"; sourceTree = "<group>"; };
		EC604930888F627A36DFE502 /* Pods-Dropbox Media ViewerTests.debug.xcconfig */ = {isa = PBXFileReference; includeInIndex = 1; lastKnownFileType = text.xcconfig; name = "Pods-Dropbox Media ViewerTests.debug.xcconfig"; path = "Target Support Files/Pods-Dropbox Media ViewerTests/Pods-Dropbox Media ViewerTests.debug.xcconfig"; sourceTree = "<group>"; };
		EFDA62EFBCE0627DEB92B23F /* Pods_Dropbox_Media_ViewerTests.framework */ = {isa = PBXFileReference; explicitFileType = wrapper.framework; includeInIndex = 0; path = Pods_Dropbox_Media_ViewerTests.framework; sourceTree = BUILT_PRODUCTS_DIR; };
/* End PBXFileReference section */

/* Begin PBXFrameworksBuildPhase section */
		8415C9BB2A9DD2FC0053B2F2 /* Frameworks */ = {
			isa = PBXFrameworksBuildPhase;
			buildActionMask = 2147483647;
			files = (
				D66DC66BE243099B345A3C0C /* Pods_Dropbox_Media_Viewer.framework in Frameworks */,
				84B2425A2AA6279500255CE6 /* Pushwoosh in Frameworks */,
			);
			runOnlyForDeploymentPostprocessing = 0;
		};
		8415C9D42A9DD3040053B2F2 /* Frameworks */ = {
			isa = PBXFrameworksBuildPhase;
			buildActionMask = 2147483647;
			files = (
				B59FC73984AE1E2BF61E40AE /* Pods_Dropbox_Media_ViewerTests.framework in Frameworks */,
			);
			runOnlyForDeploymentPostprocessing = 0;
		};
		8415C9DE2A9DD3040053B2F2 /* Frameworks */ = {
			isa = PBXFrameworksBuildPhase;
			buildActionMask = 2147483647;
			files = (
				8B2F5891F73F98E9A5C69215 /* Pods_Dropbox_Media_Viewer_Dropbox_Media_ViewerUITests.framework in Frameworks */,
			);
			runOnlyForDeploymentPostprocessing = 0;
		};
		84B2425C2AA6288300255CE6 /* Frameworks */ = {
			isa = PBXFrameworksBuildPhase;
			buildActionMask = 2147483647;
			files = (
			);
			runOnlyForDeploymentPostprocessing = 0;
		};
/* End PBXFrameworksBuildPhase section */

/* Begin PBXGroup section */
		3252CB0715AB4ECD1BC44032 /* Pods */ = {
			isa = PBXGroup;
			children = (
				E61E62D2488C1AED8A1F4157 /* Pods-Dropbox Media Viewer.debug.xcconfig */,
				0B13204487779C15B0C6D2F7 /* Pods-Dropbox Media Viewer.release.xcconfig */,
				8A0545DFBB8B36A8A9F55F52 /* Pods-Dropbox Media Viewer-Dropbox Media ViewerUITests.debug.xcconfig */,
				1AC6659E4F022CE0977C1024 /* Pods-Dropbox Media Viewer-Dropbox Media ViewerUITests.release.xcconfig */,
				EC604930888F627A36DFE502 /* Pods-Dropbox Media ViewerTests.debug.xcconfig */,
				6615700D97796E21C2A7D188 /* Pods-Dropbox Media ViewerTests.release.xcconfig */,
			);
			path = Pods;
			sourceTree = "<group>";
		};
		8415C9B52A9DD2FC0053B2F2 = {
			isa = PBXGroup;
			children = (
				8415C9C02A9DD2FC0053B2F2 /* Dropbox Media Viewer */,
				8415C9DA2A9DD3040053B2F2 /* Dropbox Media ViewerTests */,
				8415C9E42A9DD3040053B2F2 /* Dropbox Media ViewerUITests */,
				84B242602AA6288300255CE6 /* PW */,
				8415C9BF2A9DD2FC0053B2F2 /* Products */,
				3252CB0715AB4ECD1BC44032 /* Pods */,
				D0B4C6141333FE1B488FA9CF /* Frameworks */,
			);
			sourceTree = "<group>";
		};
		8415C9BF2A9DD2FC0053B2F2 /* Products */ = {
			isa = PBXGroup;
			children = (
				8415C9BE2A9DD2FC0053B2F2 /* Dropbox Media Viewer.app */,
				8415C9D72A9DD3040053B2F2 /* Dropbox Media ViewerTests.xctest */,
				8415C9E12A9DD3040053B2F2 /* Dropbox Media ViewerUITests.xctest */,
				84B2425F2AA6288300255CE6 /* PW.appex */,
			);
			name = Products;
			sourceTree = "<group>";
		};
		8415C9C02A9DD2FC0053B2F2 /* Dropbox Media Viewer */ = {
			isa = PBXGroup;
			children = (
				84B242472AA61C5C00255CE6 /* Dropbox Media Viewer.entitlements */,
				8415C9C12A9DD2FC0053B2F2 /* AppDelegate.swift */,
				84A61A492A9DD83F000B621B /* AppConfiguration.swift */,
				84A61A462A9DD7A8000B621B /* Utils */,
				84A61A442A9DD761000B621B /* Extensions */,
				84A61A422A9DD70C000B621B /* View Controllers */,
				84A61A432A9DD71C000B621B /* API Manager */,
				84A61A412A9DD6FB000B621B /* Storyboards */,
				84A61A482A9DD7E2000B621B /* Info */,
				84A61A452A9DD795000B621B /* Resources */,
				84A61A472A9DD7D4000B621B /* Core Data */,
				8415C9CA2A9DD2FC0053B2F2 /* Dropbox_Media_Viewer.xcdatamodeld */,
			);
			path = "Dropbox Media Viewer";
			sourceTree = "<group>";
		};
		8415C9DA2A9DD3040053B2F2 /* Dropbox Media ViewerTests */ = {
			isa = PBXGroup;
			children = (
				849C72EB2AA72AAC00B48BBC /* Dropbox_Media_ViewerAPITests.swift */,
				8415C9DB2A9DD3040053B2F2 /* Dropbox_Media_ViewerTests.swift */,
			);
			path = "Dropbox Media ViewerTests";
			sourceTree = "<group>";
		};
		8415C9E42A9DD3040053B2F2 /* Dropbox Media ViewerUITests */ = {
			isa = PBXGroup;
			children = (
				849C72FF2AA7445B00B48BBC /* ProfileImageTVCellTests.swift */,
				849C72FD2AA7432200B48BBC /* FileDescriptionTVCellTests.swift */,
				849C72F52AA73F1B00B48BBC /* FileDetailsTVCellTests.swift */,
				849C72ED2AA73AB600B48BBC /* MediaPreviewTVCellTests.swift */,
				8415C9E52A9DD3040053B2F2 /* Dropbox_Media_ViewerUITests.swift */,
				8415C9E72A9DD3040053B2F2 /* Dropbox_Media_ViewerUITestsLaunchTests.swift */,
			);
			path = "Dropbox Media ViewerUITests";
			sourceTree = "<group>";
		};
		84205C392AA22CB5000437A3 /* Cells */ = {
			isa = PBXGroup;
			children = (
				84205C3A2AA22CEC000437A3 /* FileDetailsTVCell.swift */,
				84205C3B2AA22CEC000437A3 /* FileDetailsTVCell.xib */,
				84205C3E2AA22D03000437A3 /* FileDescriptionTVCell.swift */,
				84205C3F2AA22D03000437A3 /* FileDescriptionTVCell.xib */,
			);
			path = Cells;
			sourceTree = "<group>";
		};
		84999BDC2AA5E10700121211 /* Cells */ = {
			isa = PBXGroup;
			children = (
				84999BDD2AA5E1D400121211 /* ProfileImageTVCell.swift */,
				84999BDE2AA5E1D400121211 /* ProfileImageTVCell.xib */,
				84999BE12AA5E4C000121211 /* ProfileAdditionalInfoTVCell.swift */,
				84999BE22AA5E4C000121211 /* ProfileAdditionalInfoTVCell.xib */,
				84999BE52AA5E87100121211 /* ProfileControlElementsTVCell.swift */,
				84999BE62AA5E87100121211 /* ProfileControlElementsTVCell.xib */,
			);
			path = Cells;
			sourceTree = "<group>";
		};
		84A61A412A9DD6FB000B621B /* Storyboards */ = {
			isa = PBXGroup;
			children = (
				84A61A7A2A9DEC0A000B621B /* Auth.storyboard */,
				8415C9C72A9DD2FC0053B2F2 /* Main.storyboard */,
				84A61A7C2A9DEC31000B621B /* Media.storyboard */,
				84A61A7E2A9DEC49000B621B /* Profile.storyboard */,
				8415C9CF2A9DD3030053B2F2 /* LaunchScreen.storyboard */,
			);
			path = Storyboards;
			sourceTree = "<group>";
		};
		84A61A422A9DD70C000B621B /* View Controllers */ = {
			isa = PBXGroup;
			children = (
				84A61A522A9DE04A000B621B /* Base */,
				84A61A4B2A9DDF7E000B621B /* Auth */,
				84A61A4C2A9DDF86000B621B /* Main */,
				84A61A4D2A9DDFA7000B621B /* Media */,
				84A61A4E2A9DDFB6000B621B /* Profile */,
			);
			path = "View Controllers";
			sourceTree = "<group>";
		};
		84A61A432A9DD71C000B621B /* API Manager */ = {
			isa = PBXGroup;
			children = (
				84A61A752A9DE787000B621B /* Models */,
				84A61A762A9DE798000B621B /* APIManager.swift */,
			);
			path = "API Manager";
			sourceTree = "<group>";
		};
		84A61A442A9DD761000B621B /* Extensions */ = {
			isa = PBXGroup;
			children = (
				84A61A612A9DE24D000B621B /* UIViewExt.swift */,
				84F5F4BB2AA24E5100BBEC15 /* UInt64Ext.swift */,
				84A61A5F2A9DE207000B621B /* UIButtonExt.swift */,
				84AF0D252AA4DCEA00EBCEAB /* UIImageExt.swift */,
				843CD65E2A9F9ED7004E0369 /* UIImageViewExt.swift */,
				84F5F4BD2AA24F7600BBEC15 /* DateExt.swift */,
				84A61A652A9DE48B000B621B /* NotificationExt.swift */,
				84A61A632A9DE2A5000B621B /* IBInspectableExt.swift */,
			);
			path = Extensions;
			sourceTree = "<group>";
		};
		84A61A452A9DD795000B621B /* Resources */ = {
			isa = PBXGroup;
			children = (
				8415C9CD2A9DD3030053B2F2 /* Assets.xcassets */,
			);
			path = Resources;
			sourceTree = "<group>";
		};
		84A61A462A9DD7A8000B621B /* Utils */ = {
			isa = PBXGroup;
			children = (
				84C04AC42A9E3F0200F18443 /* CacheManager.swift */,
			);
			path = Utils;
			sourceTree = "<group>";
		};
		84A61A472A9DD7D4000B621B /* Core Data */ = {
			isa = PBXGroup;
			children = (
				84A61A782A9DE881000B621B /* CoreDataManager.swift */,
			);
			path = "Core Data";
			sourceTree = "<group>";
		};
		84A61A482A9DD7E2000B621B /* Info */ = {
			isa = PBXGroup;
			children = (
				8415C9D22A9DD3030053B2F2 /* Info.plist */,
			);
			path = Info;
			sourceTree = "<group>";
		};
		84A61A4B2A9DDF7E000B621B /* Auth */ = {
			isa = PBXGroup;
			children = (
				84A61A4F2A9DE01F000B621B /* AuthVC */,
			);
			path = Auth;
			sourceTree = "<group>";
		};
		84A61A4C2A9DDF86000B621B /* Main */ = {
			isa = PBXGroup;
			children = (
				84A61A5D2A9DE1AA000B621B /* MainTabBarController.swift */,
			);
			path = Main;
			sourceTree = "<group>";
		};
		84A61A4D2A9DDFA7000B621B /* Media */ = {
			isa = PBXGroup;
			children = (
				84A61A672A9DE519000B621B /* MediaVC */,
				84A61A702A9DE650000B621B /* MediaDetailsVC */,
			);
			path = Media;
			sourceTree = "<group>";
		};
		84A61A4E2A9DDFB6000B621B /* Profile */ = {
			isa = PBXGroup;
			children = (
				84A61A682A9DE520000B621B /* ProfileVC */,
			);
			path = Profile;
			sourceTree = "<group>";
		};
		84A61A4F2A9DE01F000B621B /* AuthVC */ = {
			isa = PBXGroup;
			children = (
				84A61A502A9DE02D000B621B /* AuthVC.swift */,
			);
			path = AuthVC;
			sourceTree = "<group>";
		};
		84A61A522A9DE04A000B621B /* Base */ = {
			isa = PBXGroup;
			children = (
				84A61A532A9DE057000B621B /* BaseVC */,
				84A61A562A9DE106000B621B /* BaseTVCell */,
				84A61A592A9DE143000B621B /* BaseCVCell */,
			);
			path = Base;
			sourceTree = "<group>";
		};
		84A61A532A9DE057000B621B /* BaseVC */ = {
			isa = PBXGroup;
			children = (
				84A61A542A9DE064000B621B /* BaseVC.swift */,
			);
			path = BaseVC;
			sourceTree = "<group>";
		};
		84A61A562A9DE106000B621B /* BaseTVCell */ = {
			isa = PBXGroup;
			children = (
				84A61A572A9DE11F000B621B /* BaseTVCell.swift */,
			);
			path = BaseTVCell;
			sourceTree = "<group>";
		};
		84A61A592A9DE143000B621B /* BaseCVCell */ = {
			isa = PBXGroup;
			children = (
				84A61A5A2A9DE154000B621B /* BaseCVCell.swift */,
			);
			path = BaseCVCell;
			sourceTree = "<group>";
		};
		84A61A672A9DE519000B621B /* MediaVC */ = {
			isa = PBXGroup;
			children = (
				84A61A732A9DE75F000B621B /* Cells */,
				84A61A6A2A9DE5B7000B621B /* MediaVC.swift */,
			);
			path = MediaVC;
			sourceTree = "<group>";
		};
		84A61A682A9DE520000B621B /* ProfileVC */ = {
			isa = PBXGroup;
			children = (
				84999BDC2AA5E10700121211 /* Cells */,
				84A61A6C2A9DE5CA000B621B /* ProfileVC.swift */,
			);
			path = ProfileVC;
			sourceTree = "<group>";
		};
		84A61A702A9DE650000B621B /* MediaDetailsVC */ = {
			isa = PBXGroup;
			children = (
				84205C392AA22CB5000437A3 /* Cells */,
				84A61A712A9DE663000B621B /* MediaDetailsVC.swift */,
			);
			path = MediaDetailsVC;
			sourceTree = "<group>";
		};
		84A61A732A9DE75F000B621B /* Cells */ = {
			isa = PBXGroup;
			children = (
				8405B0362A9F934F00687B7B /* MediaPreviewTVCell.swift */,
				8405B0372A9F934F00687B7B /* MediaPreviewTVCell.xib */,
			);
			path = Cells;
			sourceTree = "<group>";
		};
		84A61A752A9DE787000B621B /* Models */ = {
			isa = PBXGroup;
			children = (
				8405B0342A9F64DF00687B7B /* Media.swift */,
				84C04AC22A9E3D8B00F18443 /* UserML.swift */,
			);
			path = Models;
			sourceTree = "<group>";
		};
		84B242602AA6288300255CE6 /* PW */ = {
			isa = PBXGroup;
			children = (
				84B242612AA6288300255CE6 /* NotificationService.swift */,
				84B242632AA6288300255CE6 /* Info.plist */,
			);
			path = PW;
			sourceTree = "<group>";
		};
		D0B4C6141333FE1B488FA9CF /* Frameworks */ = {
			isa = PBXGroup;
			children = (
				2B50870FE5C5D7F8AA8F47BC /* Pods_Dropbox_Media_Viewer.framework */,
				322861A2EE544F7E7B607052 /* Pods_Dropbox_Media_Viewer_Dropbox_Media_ViewerUITests.framework */,
				EFDA62EFBCE0627DEB92B23F /* Pods_Dropbox_Media_ViewerTests.framework */,
			);
			name = Frameworks;
			sourceTree = "<group>";
		};
/* End PBXGroup section */

/* Begin PBXNativeTarget section */
		8415C9BD2A9DD2FC0053B2F2 /* Dropbox Media Viewer */ = {
			isa = PBXNativeTarget;
			buildConfigurationList = 8415C9EB2A9DD3040053B2F2 /* Build configuration list for PBXNativeTarget "Dropbox Media Viewer" */;
			buildPhases = (
				6B7CD1B208924479B31BB8D9 /* [CP] Check Pods Manifest.lock */,
				8415C9BA2A9DD2FC0053B2F2 /* Sources */,
				8415C9BB2A9DD2FC0053B2F2 /* Frameworks */,
				8415C9BC2A9DD2FC0053B2F2 /* Resources */,
				E1E014F1C0F1C2800912B977 /* [CP] Embed Pods Frameworks */,
				84B242572AA61CC700255CE6 /* Embed Foundation Extensions */,
			);
			buildRules = (
			);
			dependencies = (
				84B242652AA6288300255CE6 /* PBXTargetDependency */,
			);
			name = "Dropbox Media Viewer";
			packageProductDependencies = (
				84B242592AA6279500255CE6 /* Pushwoosh */,
			);
			productName = "Dropbox Media Viewer";
			productReference = 8415C9BE2A9DD2FC0053B2F2 /* Dropbox Media Viewer.app */;
			productType = "com.apple.product-type.application";
		};
		8415C9D62A9DD3040053B2F2 /* Dropbox Media ViewerTests */ = {
			isa = PBXNativeTarget;
			buildConfigurationList = 8415C9EE2A9DD3040053B2F2 /* Build configuration list for PBXNativeTarget "Dropbox Media ViewerTests" */;
			buildPhases = (
				56FBA21B11B2C590E8DF12E7 /* [CP] Check Pods Manifest.lock */,
				8415C9D32A9DD3040053B2F2 /* Sources */,
				8415C9D42A9DD3040053B2F2 /* Frameworks */,
				8415C9D52A9DD3040053B2F2 /* Resources */,
			);
			buildRules = (
			);
			dependencies = (
				8415C9D92A9DD3040053B2F2 /* PBXTargetDependency */,
			);
			name = "Dropbox Media ViewerTests";
			productName = "Dropbox Media ViewerTests";
			productReference = 8415C9D72A9DD3040053B2F2 /* Dropbox Media ViewerTests.xctest */;
			productType = "com.apple.product-type.bundle.unit-test";
		};
		8415C9E02A9DD3040053B2F2 /* Dropbox Media ViewerUITests */ = {
			isa = PBXNativeTarget;
			buildConfigurationList = 8415C9F12A9DD3040053B2F2 /* Build configuration list for PBXNativeTarget "Dropbox Media ViewerUITests" */;
			buildPhases = (
				BF66DCF97DF476AFF90BE520 /* [CP] Check Pods Manifest.lock */,
				8415C9DD2A9DD3040053B2F2 /* Sources */,
				8415C9DE2A9DD3040053B2F2 /* Frameworks */,
				8415C9DF2A9DD3040053B2F2 /* Resources */,
				0517E1338A68AF6BE8954151 /* [CP] Embed Pods Frameworks */,
			);
			buildRules = (
			);
			dependencies = (
				8415C9E32A9DD3040053B2F2 /* PBXTargetDependency */,
			);
			name = "Dropbox Media ViewerUITests";
			productName = "Dropbox Media ViewerUITests";
			productReference = 8415C9E12A9DD3040053B2F2 /* Dropbox Media ViewerUITests.xctest */;
			productType = "com.apple.product-type.bundle.ui-testing";
		};
		84B2425E2AA6288300255CE6 /* PW */ = {
			isa = PBXNativeTarget;
			buildConfigurationList = 84B242672AA6288400255CE6 /* Build configuration list for PBXNativeTarget "PW" */;
			buildPhases = (
				84B2425B2AA6288300255CE6 /* Sources */,
				84B2425C2AA6288300255CE6 /* Frameworks */,
				84B2425D2AA6288300255CE6 /* Resources */,
			);
			buildRules = (
			);
			dependencies = (
			);
			name = PW;
			productName = PW;
			productReference = 84B2425F2AA6288300255CE6 /* PW.appex */;
			productType = "com.apple.product-type.app-extension";
		};
/* End PBXNativeTarget section */

/* Begin PBXProject section */
		8415C9B62A9DD2FC0053B2F2 /* Project object */ = {
			isa = PBXProject;
			attributes = {
				BuildIndependentTargetsInParallel = 1;
				LastSwiftUpdateCheck = 1410;
				LastUpgradeCheck = 1410;
				TargetAttributes = {
					8415C9BD2A9DD2FC0053B2F2 = {
						CreatedOnToolsVersion = 14.1;
					};
					8415C9D62A9DD3040053B2F2 = {
						CreatedOnToolsVersion = 14.1;
						TestTargetID = 8415C9BD2A9DD2FC0053B2F2;
					};
					8415C9E02A9DD3040053B2F2 = {
						CreatedOnToolsVersion = 14.1;
						TestTargetID = 8415C9BD2A9DD2FC0053B2F2;
					};
					84B2425E2AA6288300255CE6 = {
						CreatedOnToolsVersion = 14.1;
					};
				};
			};
			buildConfigurationList = 8415C9B92A9DD2FC0053B2F2 /* Build configuration list for PBXProject "Dropbox Media Viewer" */;
			compatibilityVersion = "Xcode 14.0";
			developmentRegion = en;
			hasScannedForEncodings = 0;
			knownRegions = (
				en,
				Base,
			);
			mainGroup = 8415C9B52A9DD2FC0053B2F2;
			packageReferences = (
				84B242582AA6279500255CE6 /* XCRemoteSwiftPackageReference "Pushwoosh-XCFramework" */,
			);
			productRefGroup = 8415C9BF2A9DD2FC0053B2F2 /* Products */;
			projectDirPath = "";
			projectRoot = "";
			targets = (
				8415C9BD2A9DD2FC0053B2F2 /* Dropbox Media Viewer */,
				8415C9D62A9DD3040053B2F2 /* Dropbox Media ViewerTests */,
				8415C9E02A9DD3040053B2F2 /* Dropbox Media ViewerUITests */,
				84B2425E2AA6288300255CE6 /* PW */,
			);
		};
/* End PBXProject section */

/* Begin PBXResourcesBuildPhase section */
		8415C9BC2A9DD2FC0053B2F2 /* Resources */ = {
			isa = PBXResourcesBuildPhase;
			buildActionMask = 2147483647;
			files = (
				84A61A7F2A9DEC49000B621B /* Profile.storyboard in Resources */,
				84205C412AA22D03000437A3 /* FileDescriptionTVCell.xib in Resources */,
				84A61A7B2A9DEC0A000B621B /* Auth.storyboard in Resources */,
				84999BE02AA5E1D400121211 /* ProfileImageTVCell.xib in Resources */,
				84205C3D2AA22CEC000437A3 /* FileDetailsTVCell.xib in Resources */,
				8405B0392A9F934F00687B7B /* MediaPreviewTVCell.xib in Resources */,
				84A61A7D2A9DEC31000B621B /* Media.storyboard in Resources */,
				8415C9D12A9DD3030053B2F2 /* LaunchScreen.storyboard in Resources */,
				84999BE82AA5E87100121211 /* ProfileControlElementsTVCell.xib in Resources */,
				84999BE42AA5E4C000121211 /* ProfileAdditionalInfoTVCell.xib in Resources */,
				8415C9CE2A9DD3030053B2F2 /* Assets.xcassets in Resources */,
				8415C9C92A9DD2FC0053B2F2 /* Main.storyboard in Resources */,
			);
			runOnlyForDeploymentPostprocessing = 0;
		};
		8415C9D52A9DD3040053B2F2 /* Resources */ = {
			isa = PBXResourcesBuildPhase;
			buildActionMask = 2147483647;
			files = (
			);
			runOnlyForDeploymentPostprocessing = 0;
		};
		8415C9DF2A9DD3040053B2F2 /* Resources */ = {
			isa = PBXResourcesBuildPhase;
			buildActionMask = 2147483647;
			files = (
			);
			runOnlyForDeploymentPostprocessing = 0;
		};
		84B2425D2AA6288300255CE6 /* Resources */ = {
			isa = PBXResourcesBuildPhase;
			buildActionMask = 2147483647;
			files = (
			);
			runOnlyForDeploymentPostprocessing = 0;
		};
/* End PBXResourcesBuildPhase section */

/* Begin PBXShellScriptBuildPhase section */
		0517E1338A68AF6BE8954151 /* [CP] Embed Pods Frameworks */ = {
			isa = PBXShellScriptBuildPhase;
			buildActionMask = 2147483647;
			files = (
			);
			inputFileListPaths = (
				"${PODS_ROOT}/Target Support Files/Pods-Dropbox Media Viewer-Dropbox Media ViewerUITests/Pods-Dropbox Media Viewer-Dropbox Media ViewerUITests-frameworks-${CONFIGURATION}-input-files.xcfilelist",
			);
			name = "[CP] Embed Pods Frameworks";
			outputFileListPaths = (
				"${PODS_ROOT}/Target Support Files/Pods-Dropbox Media Viewer-Dropbox Media ViewerUITests/Pods-Dropbox Media Viewer-Dropbox Media ViewerUITests-frameworks-${CONFIGURATION}-output-files.xcfilelist",
			);
			runOnlyForDeploymentPostprocessing = 0;
			shellPath = /bin/sh;
			shellScript = "\"${PODS_ROOT}/Target Support Files/Pods-Dropbox Media Viewer-Dropbox Media ViewerUITests/Pods-Dropbox Media Viewer-Dropbox Media ViewerUITests-frameworks.sh\"\n";
			showEnvVarsInLog = 0;
		};
		56FBA21B11B2C590E8DF12E7 /* [CP] Check Pods Manifest.lock */ = {
			isa = PBXShellScriptBuildPhase;
			buildActionMask = 2147483647;
			files = (
			);
			inputFileListPaths = (
			);
			inputPaths = (
				"${PODS_PODFILE_DIR_PATH}/Podfile.lock",
				"${PODS_ROOT}/Manifest.lock",
			);
			name = "[CP] Check Pods Manifest.lock";
			outputFileListPaths = (
			);
			outputPaths = (
				"$(DERIVED_FILE_DIR)/Pods-Dropbox Media ViewerTests-checkManifestLockResult.txt",
			);
			runOnlyForDeploymentPostprocessing = 0;
			shellPath = /bin/sh;
			shellScript = "diff \"${PODS_PODFILE_DIR_PATH}/Podfile.lock\" \"${PODS_ROOT}/Manifest.lock\" > /dev/null\nif [ $? != 0 ] ; then\n    # print error to STDERR\n    echo \"error: The sandbox is not in sync with the Podfile.lock. Run 'pod install' or update your CocoaPods installation.\" >&2\n    exit 1\nfi\n# This output is used by Xcode 'outputs' to avoid re-running this script phase.\necho \"SUCCESS\" > \"${SCRIPT_OUTPUT_FILE_0}\"\n";
			showEnvVarsInLog = 0;
		};
		6B7CD1B208924479B31BB8D9 /* [CP] Check Pods Manifest.lock */ = {
			isa = PBXShellScriptBuildPhase;
			buildActionMask = 2147483647;
			files = (
			);
			inputFileListPaths = (
			);
			inputPaths = (
				"${PODS_PODFILE_DIR_PATH}/Podfile.lock",
				"${PODS_ROOT}/Manifest.lock",
			);
			name = "[CP] Check Pods Manifest.lock";
			outputFileListPaths = (
			);
			outputPaths = (
				"$(DERIVED_FILE_DIR)/Pods-Dropbox Media Viewer-checkManifestLockResult.txt",
			);
			runOnlyForDeploymentPostprocessing = 0;
			shellPath = /bin/sh;
			shellScript = "diff \"${PODS_PODFILE_DIR_PATH}/Podfile.lock\" \"${PODS_ROOT}/Manifest.lock\" > /dev/null\nif [ $? != 0 ] ; then\n    # print error to STDERR\n    echo \"error: The sandbox is not in sync with the Podfile.lock. Run 'pod install' or update your CocoaPods installation.\" >&2\n    exit 1\nfi\n# This output is used by Xcode 'outputs' to avoid re-running this script phase.\necho \"SUCCESS\" > \"${SCRIPT_OUTPUT_FILE_0}\"\n";
			showEnvVarsInLog = 0;
		};
		BF66DCF97DF476AFF90BE520 /* [CP] Check Pods Manifest.lock */ = {
			isa = PBXShellScriptBuildPhase;
			buildActionMask = 2147483647;
			files = (
			);
			inputFileListPaths = (
			);
			inputPaths = (
				"${PODS_PODFILE_DIR_PATH}/Podfile.lock",
				"${PODS_ROOT}/Manifest.lock",
			);
			name = "[CP] Check Pods Manifest.lock";
			outputFileListPaths = (
			);
			outputPaths = (
				"$(DERIVED_FILE_DIR)/Pods-Dropbox Media Viewer-Dropbox Media ViewerUITests-checkManifestLockResult.txt",
			);
			runOnlyForDeploymentPostprocessing = 0;
			shellPath = /bin/sh;
			shellScript = "diff \"${PODS_PODFILE_DIR_PATH}/Podfile.lock\" \"${PODS_ROOT}/Manifest.lock\" > /dev/null\nif [ $? != 0 ] ; then\n    # print error to STDERR\n    echo \"error: The sandbox is not in sync with the Podfile.lock. Run 'pod install' or update your CocoaPods installation.\" >&2\n    exit 1\nfi\n# This output is used by Xcode 'outputs' to avoid re-running this script phase.\necho \"SUCCESS\" > \"${SCRIPT_OUTPUT_FILE_0}\"\n";
			showEnvVarsInLog = 0;
		};
		E1E014F1C0F1C2800912B977 /* [CP] Embed Pods Frameworks */ = {
			isa = PBXShellScriptBuildPhase;
			buildActionMask = 2147483647;
			files = (
			);
			inputFileListPaths = (
				"${PODS_ROOT}/Target Support Files/Pods-Dropbox Media Viewer/Pods-Dropbox Media Viewer-frameworks-${CONFIGURATION}-input-files.xcfilelist",
			);
			name = "[CP] Embed Pods Frameworks";
			outputFileListPaths = (
				"${PODS_ROOT}/Target Support Files/Pods-Dropbox Media Viewer/Pods-Dropbox Media Viewer-frameworks-${CONFIGURATION}-output-files.xcfilelist",
			);
			runOnlyForDeploymentPostprocessing = 0;
			shellPath = /bin/sh;
			shellScript = "\"${PODS_ROOT}/Target Support Files/Pods-Dropbox Media Viewer/Pods-Dropbox Media Viewer-frameworks.sh\"\n";
			showEnvVarsInLog = 0;
		};
/* End PBXShellScriptBuildPhase section */

/* Begin PBXSourcesBuildPhase section */
		8415C9BA2A9DD2FC0053B2F2 /* Sources */ = {
			isa = PBXSourcesBuildPhase;
			buildActionMask = 2147483647;
			files = (
				84A61A582A9DE11F000B621B /* BaseTVCell.swift in Sources */,
				8415C9CC2A9DD2FC0053B2F2 /* Dropbox_Media_Viewer.xcdatamodeld in Sources */,
				8405B0352A9F64DF00687B7B /* Media.swift in Sources */,
				84F5F4BC2AA24E5100BBEC15 /* UInt64Ext.swift in Sources */,
				84A61A6D2A9DE5CA000B621B /* ProfileVC.swift in Sources */,
				84205C3C2AA22CEC000437A3 /* FileDetailsTVCell.swift in Sources */,
				84A61A622A9DE24D000B621B /* UIViewExt.swift in Sources */,
				84A61A5E2A9DE1AA000B621B /* MainTabBarController.swift in Sources */,
				843CD65F2A9F9ED7004E0369 /* UIImageViewExt.swift in Sources */,
				84999BDF2AA5E1D400121211 /* ProfileImageTVCell.swift in Sources */,
				8415C9C22A9DD2FC0053B2F2 /* AppDelegate.swift in Sources */,
				84A61A792A9DE881000B621B /* CoreDataManager.swift in Sources */,
				84AF0D262AA4DCEA00EBCEAB /* UIImageExt.swift in Sources */,
				84A61A642A9DE2A5000B621B /* IBInspectableExt.swift in Sources */,
				84999BE32AA5E4C000121211 /* ProfileAdditionalInfoTVCell.swift in Sources */,
				84A61A512A9DE02D000B621B /* AuthVC.swift in Sources */,
				84205C402AA22D03000437A3 /* FileDescriptionTVCell.swift in Sources */,
				84A61A4A2A9DD83F000B621B /* AppConfiguration.swift in Sources */,
				84F5F4BE2AA24F7600BBEC15 /* DateExt.swift in Sources */,
				84A61A662A9DE48B000B621B /* NotificationExt.swift in Sources */,
				84A61A5B2A9DE154000B621B /* BaseCVCell.swift in Sources */,
				84A61A602A9DE207000B621B /* UIButtonExt.swift in Sources */,
				84A61A772A9DE798000B621B /* APIManager.swift in Sources */,
				84A61A552A9DE064000B621B /* BaseVC.swift in Sources */,
				84999BE72AA5E87100121211 /* ProfileControlElementsTVCell.swift in Sources */,
				84A61A6B2A9DE5B7000B621B /* MediaVC.swift in Sources */,
				84C04AC52A9E3F0200F18443 /* CacheManager.swift in Sources */,
				84A61A722A9DE663000B621B /* MediaDetailsVC.swift in Sources */,
				84C04AC32A9E3D8B00F18443 /* UserML.swift in Sources */,
				8405B0382A9F934F00687B7B /* MediaPreviewTVCell.swift in Sources */,
			);
			runOnlyForDeploymentPostprocessing = 0;
		};
		8415C9D32A9DD3040053B2F2 /* Sources */ = {
			isa = PBXSourcesBuildPhase;
			buildActionMask = 2147483647;
			files = (
				849C73292AA7486600B48BBC /* ProfileControlElementsTVCell.swift in Sources */,
				849C731D2AA7483600B48BBC /* UIImageViewExt.swift in Sources */,
				849C73192AA7482700B48BBC /* UIViewExt.swift in Sources */,
				849C730F2AA747AE00B48BBC /* CacheManager.swift in Sources */,
				849C73132AA747D200B48BBC /* MediaVC.swift in Sources */,
				849C730D2AA747A500B48BBC /* APIManager.swift in Sources */,
				849C73052AA7476500B48BBC /* BaseTVCell.swift in Sources */,
				849C72FB2AA742DF00B48BBC /* FileDescriptionTVCell.swift in Sources */,
				849C72F32AA73E4D00B48BBC /* MediaPreviewTVCell.swift in Sources */,
				849C73332AA748E100B48BBC /* AuthVC.swift in Sources */,
				849C73252AA7484300B48BBC /* NotificationExt.swift in Sources */,
				849C72EC2AA72AAC00B48BBC /* Dropbox_Media_ViewerAPITests.swift in Sources */,
				849C73092AA7476E00B48BBC /* Media.swift in Sources */,
				849C730B2AA7477000B48BBC /* UserML.swift in Sources */,
				849C73022AA7449100B48BBC /* ProfileImageTVCell.swift in Sources */,
				849C73152AA7481000B48BBC /* MainTabBarController.swift in Sources */,
				849C72F72AA73F3100B48BBC /* FileDetailsTVCell.swift in Sources */,
				849C73032AA7476200B48BBC /* BaseVC.swift in Sources */,
				849C73272AA7484700B48BBC /* IBInspectableExt.swift in Sources */,
				849C73172AA7481700B48BBC /* ProfileVC.swift in Sources */,
				849C731B2AA7483100B48BBC /* UInt64Ext.swift in Sources */,
				8415C9DC2A9DD3040053B2F2 /* Dropbox_Media_ViewerTests.swift in Sources */,
				849C732B2AA7486D00B48BBC /* AppDelegate.swift in Sources */,
				849C73232AA7484000B48BBC /* DateExt.swift in Sources */,
				849C73112AA747B600B48BBC /* AppConfiguration.swift in Sources */,
				849C732D2AA7488B00B48BBC /* ProfileAdditionalInfoTVCell.swift in Sources */,
				849C732F2AA748BA00B48BBC /* CoreDataManager.swift in Sources */,
				849C731F2AA7483900B48BBC /* UIButtonExt.swift in Sources */,
				849C73072AA7476700B48BBC /* BaseCVCell.swift in Sources */,
				849C73312AA748C200B48BBC /* MediaDetailsVC.swift in Sources */,
				849C73212AA7483D00B48BBC /* UIImageExt.swift in Sources */,
			);
			runOnlyForDeploymentPostprocessing = 0;
		};
		8415C9DD2A9DD3040053B2F2 /* Sources */ = {
			isa = PBXSourcesBuildPhase;
			buildActionMask = 2147483647;
			files = (
				849C73122AA747B600B48BBC /* AppConfiguration.swift in Sources */,
				849C73202AA7483900B48BBC /* UIButtonExt.swift in Sources */,
				849C730E2AA747A500B48BBC /* APIManager.swift in Sources */,
				849C73162AA7481000B48BBC /* MainTabBarController.swift in Sources */,
				849C73062AA7476500B48BBC /* BaseTVCell.swift in Sources */,
				849C731E2AA7483700B48BBC /* UIImageViewExt.swift in Sources */,
				849C72EE2AA73AB600B48BBC /* MediaPreviewTVCellTests.swift in Sources */,
				849C73102AA747AE00B48BBC /* CacheManager.swift in Sources */,
				849C73322AA748C200B48BBC /* MediaDetailsVC.swift in Sources */,
				849C73262AA7484400B48BBC /* NotificationExt.swift in Sources */,
				849C73242AA7484100B48BBC /* DateExt.swift in Sources */,
				849C730A2AA7476E00B48BBC /* Media.swift in Sources */,
				849C730C2AA7477100B48BBC /* UserML.swift in Sources */,
				849C73042AA7476200B48BBC /* BaseVC.swift in Sources */,
				849C73182AA7481700B48BBC /* ProfileVC.swift in Sources */,
				849C73012AA7449100B48BBC /* ProfileImageTVCell.swift in Sources */,
				849C73282AA7484800B48BBC /* IBInspectableExt.swift in Sources */,
				849C73082AA7476700B48BBC /* BaseCVCell.swift in Sources */,
				849C72FE2AA7432200B48BBC /* FileDescriptionTVCellTests.swift in Sources */,
				849C73142AA747D300B48BBC /* MediaVC.swift in Sources */,
				8415C9E82A9DD3040053B2F2 /* Dropbox_Media_ViewerUITestsLaunchTests.swift in Sources */,
				849C732E2AA7488C00B48BBC /* ProfileAdditionalInfoTVCell.swift in Sources */,
				849C73302AA748BA00B48BBC /* CoreDataManager.swift in Sources */,
				849C72F82AA73F3200B48BBC /* FileDetailsTVCell.swift in Sources */,
				849C731A2AA7482700B48BBC /* UIViewExt.swift in Sources */,
				849C73342AA748E100B48BBC /* AuthVC.swift in Sources */,
				849C732C2AA7486E00B48BBC /* AppDelegate.swift in Sources */,
				849C73002AA7445B00B48BBC /* ProfileImageTVCellTests.swift in Sources */,
				849C72FC2AA742DF00B48BBC /* FileDescriptionTVCell.swift in Sources */,
				849C732A2AA7486700B48BBC /* ProfileControlElementsTVCell.swift in Sources */,
				849C73222AA7483E00B48BBC /* UIImageExt.swift in Sources */,
				8415C9E62A9DD3040053B2F2 /* Dropbox_Media_ViewerUITests.swift in Sources */,
				849C72F42AA73E4E00B48BBC /* MediaPreviewTVCell.swift in Sources */,
				849C72F62AA73F1B00B48BBC /* FileDetailsTVCellTests.swift in Sources */,
				849C731C2AA7483100B48BBC /* UInt64Ext.swift in Sources */,
			);
			runOnlyForDeploymentPostprocessing = 0;
		};
		84B2425B2AA6288300255CE6 /* Sources */ = {
			isa = PBXSourcesBuildPhase;
			buildActionMask = 2147483647;
			files = (
				84B242622AA6288300255CE6 /* NotificationService.swift in Sources */,
			);
			runOnlyForDeploymentPostprocessing = 0;
		};
/* End PBXSourcesBuildPhase section */

/* Begin PBXTargetDependency section */
		8415C9D92A9DD3040053B2F2 /* PBXTargetDependency */ = {
			isa = PBXTargetDependency;
			target = 8415C9BD2A9DD2FC0053B2F2 /* Dropbox Media Viewer */;
			targetProxy = 8415C9D82A9DD3040053B2F2 /* PBXContainerItemProxy */;
		};
		8415C9E32A9DD3040053B2F2 /* PBXTargetDependency */ = {
			isa = PBXTargetDependency;
			target = 8415C9BD2A9DD2FC0053B2F2 /* Dropbox Media Viewer */;
			targetProxy = 8415C9E22A9DD3040053B2F2 /* PBXContainerItemProxy */;
		};
		84B242652AA6288300255CE6 /* PBXTargetDependency */ = {
			isa = PBXTargetDependency;
			target = 84B2425E2AA6288300255CE6 /* PW */;
			targetProxy = 84B242642AA6288300255CE6 /* PBXContainerItemProxy */;
		};
/* End PBXTargetDependency section */

/* Begin PBXVariantGroup section */
		8415C9C72A9DD2FC0053B2F2 /* Main.storyboard */ = {
			isa = PBXVariantGroup;
			children = (
				8415C9C82A9DD2FC0053B2F2 /* Base */,
			);
			name = Main.storyboard;
			sourceTree = "<group>";
		};
		8415C9CF2A9DD3030053B2F2 /* LaunchScreen.storyboard */ = {
			isa = PBXVariantGroup;
			children = (
				8415C9D02A9DD3030053B2F2 /* Base */,
			);
			name = LaunchScreen.storyboard;
			sourceTree = "<group>";
		};
/* End PBXVariantGroup section */

/* Begin XCBuildConfiguration section */
		8415C9E92A9DD3040053B2F2 /* Debug */ = {
			isa = XCBuildConfiguration;
			buildSettings = {
				ALWAYS_SEARCH_USER_PATHS = NO;
				CLANG_ANALYZER_NONNULL = YES;
				CLANG_ANALYZER_NUMBER_OBJECT_CONVERSION = YES_AGGRESSIVE;
				CLANG_CXX_LANGUAGE_STANDARD = "gnu++20";
				CLANG_ENABLE_MODULES = YES;
				CLANG_ENABLE_OBJC_ARC = YES;
				CLANG_ENABLE_OBJC_WEAK = YES;
				CLANG_WARN_BLOCK_CAPTURE_AUTORELEASING = YES;
				CLANG_WARN_BOOL_CONVERSION = YES;
				CLANG_WARN_COMMA = YES;
				CLANG_WARN_CONSTANT_CONVERSION = YES;
				CLANG_WARN_DEPRECATED_OBJC_IMPLEMENTATIONS = YES;
				CLANG_WARN_DIRECT_OBJC_ISA_USAGE = YES_ERROR;
				CLANG_WARN_DOCUMENTATION_COMMENTS = YES;
				CLANG_WARN_EMPTY_BODY = YES;
				CLANG_WARN_ENUM_CONVERSION = YES;
				CLANG_WARN_INFINITE_RECURSION = YES;
				CLANG_WARN_INT_CONVERSION = YES;
				CLANG_WARN_NON_LITERAL_NULL_CONVERSION = YES;
				CLANG_WARN_OBJC_IMPLICIT_RETAIN_SELF = YES;
				CLANG_WARN_OBJC_LITERAL_CONVERSION = YES;
				CLANG_WARN_OBJC_ROOT_CLASS = YES_ERROR;
				CLANG_WARN_QUOTED_INCLUDE_IN_FRAMEWORK_HEADER = YES;
				CLANG_WARN_RANGE_LOOP_ANALYSIS = YES;
				CLANG_WARN_STRICT_PROTOTYPES = YES;
				CLANG_WARN_SUSPICIOUS_MOVE = YES;
				CLANG_WARN_UNGUARDED_AVAILABILITY = YES_AGGRESSIVE;
				CLANG_WARN_UNREACHABLE_CODE = YES;
				CLANG_WARN__DUPLICATE_METHOD_MATCH = YES;
				COPY_PHASE_STRIP = NO;
				DEBUG_INFORMATION_FORMAT = dwarf;
				ENABLE_STRICT_OBJC_MSGSEND = YES;
				ENABLE_TESTABILITY = YES;
				GCC_C_LANGUAGE_STANDARD = gnu11;
				GCC_DYNAMIC_NO_PIC = NO;
				GCC_NO_COMMON_BLOCKS = YES;
				GCC_OPTIMIZATION_LEVEL = 0;
				GCC_PREPROCESSOR_DEFINITIONS = (
					"DEBUG=1",
					"$(inherited)",
				);
				GCC_WARN_64_TO_32_BIT_CONVERSION = YES;
				GCC_WARN_ABOUT_RETURN_TYPE = YES_ERROR;
				GCC_WARN_UNDECLARED_SELECTOR = YES;
				GCC_WARN_UNINITIALIZED_AUTOS = YES_AGGRESSIVE;
				GCC_WARN_UNUSED_FUNCTION = YES;
				GCC_WARN_UNUSED_VARIABLE = YES;
				IPHONEOS_DEPLOYMENT_TARGET = 16.1;
				MTL_ENABLE_DEBUG_INFO = INCLUDE_SOURCE;
				MTL_FAST_MATH = YES;
				ONLY_ACTIVE_ARCH = YES;
				SDKROOT = iphoneos;
				SWIFT_ACTIVE_COMPILATION_CONDITIONS = DEBUG;
				SWIFT_OPTIMIZATION_LEVEL = "-Onone";
			};
			name = Debug;
		};
		8415C9EA2A9DD3040053B2F2 /* Release */ = {
			isa = XCBuildConfiguration;
			buildSettings = {
				ALWAYS_SEARCH_USER_PATHS = NO;
				CLANG_ANALYZER_NONNULL = YES;
				CLANG_ANALYZER_NUMBER_OBJECT_CONVERSION = YES_AGGRESSIVE;
				CLANG_CXX_LANGUAGE_STANDARD = "gnu++20";
				CLANG_ENABLE_MODULES = YES;
				CLANG_ENABLE_OBJC_ARC = YES;
				CLANG_ENABLE_OBJC_WEAK = YES;
				CLANG_WARN_BLOCK_CAPTURE_AUTORELEASING = YES;
				CLANG_WARN_BOOL_CONVERSION = YES;
				CLANG_WARN_COMMA = YES;
				CLANG_WARN_CONSTANT_CONVERSION = YES;
				CLANG_WARN_DEPRECATED_OBJC_IMPLEMENTATIONS = YES;
				CLANG_WARN_DIRECT_OBJC_ISA_USAGE = YES_ERROR;
				CLANG_WARN_DOCUMENTATION_COMMENTS = YES;
				CLANG_WARN_EMPTY_BODY = YES;
				CLANG_WARN_ENUM_CONVERSION = YES;
				CLANG_WARN_INFINITE_RECURSION = YES;
				CLANG_WARN_INT_CONVERSION = YES;
				CLANG_WARN_NON_LITERAL_NULL_CONVERSION = YES;
				CLANG_WARN_OBJC_IMPLICIT_RETAIN_SELF = YES;
				CLANG_WARN_OBJC_LITERAL_CONVERSION = YES;
				CLANG_WARN_OBJC_ROOT_CLASS = YES_ERROR;
				CLANG_WARN_QUOTED_INCLUDE_IN_FRAMEWORK_HEADER = YES;
				CLANG_WARN_RANGE_LOOP_ANALYSIS = YES;
				CLANG_WARN_STRICT_PROTOTYPES = YES;
				CLANG_WARN_SUSPICIOUS_MOVE = YES;
				CLANG_WARN_UNGUARDED_AVAILABILITY = YES_AGGRESSIVE;
				CLANG_WARN_UNREACHABLE_CODE = YES;
				CLANG_WARN__DUPLICATE_METHOD_MATCH = YES;
				COPY_PHASE_STRIP = NO;
				DEBUG_INFORMATION_FORMAT = "dwarf-with-dsym";
				ENABLE_NS_ASSERTIONS = NO;
				ENABLE_STRICT_OBJC_MSGSEND = YES;
				GCC_C_LANGUAGE_STANDARD = gnu11;
				GCC_NO_COMMON_BLOCKS = YES;
				GCC_WARN_64_TO_32_BIT_CONVERSION = YES;
				GCC_WARN_ABOUT_RETURN_TYPE = YES_ERROR;
				GCC_WARN_UNDECLARED_SELECTOR = YES;
				GCC_WARN_UNINITIALIZED_AUTOS = YES_AGGRESSIVE;
				GCC_WARN_UNUSED_FUNCTION = YES;
				GCC_WARN_UNUSED_VARIABLE = YES;
				IPHONEOS_DEPLOYMENT_TARGET = 16.1;
				MTL_ENABLE_DEBUG_INFO = NO;
				MTL_FAST_MATH = YES;
				SDKROOT = iphoneos;
				SWIFT_COMPILATION_MODE = wholemodule;
				SWIFT_OPTIMIZATION_LEVEL = "-O";
				VALIDATE_PRODUCT = YES;
			};
			name = Release;
		};
		8415C9EC2A9DD3040053B2F2 /* Debug */ = {
			isa = XCBuildConfiguration;
			baseConfigurationReference = E61E62D2488C1AED8A1F4157 /* Pods-Dropbox Media Viewer.debug.xcconfig */;
			buildSettings = {
				ALWAYS_EMBED_SWIFT_STANDARD_LIBRARIES = YES;
				ASSETCATALOG_COMPILER_APPICON_NAME = AppIcon;
				ASSETCATALOG_COMPILER_GLOBAL_ACCENT_COLOR_NAME = AccentColor;
				CODE_SIGN_ENTITLEMENTS = "Dropbox Media Viewer/Dropbox Media Viewer.entitlements";
				CODE_SIGN_STYLE = Automatic;
				CURRENT_PROJECT_VERSION = 3;
				DEVELOPMENT_TEAM = N4M3759P9C;
				GENERATE_INFOPLIST_FILE = YES;
				INFOPLIST_FILE = "Dropbox Media Viewer/Info.plist";
				INFOPLIST_KEY_CFBundleDisplayName = "Dropbox Media Viewer";
				INFOPLIST_KEY_UIApplicationSupportsIndirectInputEvents = YES;
				INFOPLIST_KEY_UILaunchStoryboardName = LaunchScreen.storyboard;
				INFOPLIST_KEY_UIMainStoryboardFile = LaunchScreen;
				INFOPLIST_KEY_UISupportedInterfaceOrientations_iPhone = "UIInterfaceOrientationPortrait UIInterfaceOrientationLandscapeLeft UIInterfaceOrientationLandscapeRight";
				IPHONEOS_DEPLOYMENT_TARGET = 12.4;
				LD_RUNPATH_SEARCH_PATHS = (
					"$(inherited)",
					"@executable_path/Frameworks",
				);
				MARKETING_VERSION = 1.0.0;
				PRODUCT_BUNDLE_IDENTIFIER = "com.Dropbox-Media-Viewer";
				PRODUCT_NAME = "$(TARGET_NAME)";
				SUPPORTED_PLATFORMS = "iphoneos iphonesimulator";
				SUPPORTS_MACCATALYST = NO;
				SUPPORTS_MAC_DESIGNED_FOR_IPHONE_IPAD = NO;
				SWIFT_EMIT_LOC_STRINGS = YES;
				SWIFT_VERSION = 5.0;
				TARGETED_DEVICE_FAMILY = 1;
			};
			name = Debug;
		};
		8415C9ED2A9DD3040053B2F2 /* Release */ = {
			isa = XCBuildConfiguration;
			baseConfigurationReference = 0B13204487779C15B0C6D2F7 /* Pods-Dropbox Media Viewer.release.xcconfig */;
			buildSettings = {
				ALWAYS_EMBED_SWIFT_STANDARD_LIBRARIES = YES;
				ASSETCATALOG_COMPILER_APPICON_NAME = AppIcon;
				ASSETCATALOG_COMPILER_GLOBAL_ACCENT_COLOR_NAME = AccentColor;
				CODE_SIGN_ENTITLEMENTS = "Dropbox Media Viewer/Dropbox Media Viewer.entitlements";
				CODE_SIGN_STYLE = Automatic;
				CURRENT_PROJECT_VERSION = 3;
				DEVELOPMENT_TEAM = N4M3759P9C;
				GENERATE_INFOPLIST_FILE = YES;
				INFOPLIST_FILE = "Dropbox Media Viewer/Info.plist";
				INFOPLIST_KEY_CFBundleDisplayName = "Dropbox Media Viewer";
				INFOPLIST_KEY_UIApplicationSupportsIndirectInputEvents = YES;
				INFOPLIST_KEY_UILaunchStoryboardName = LaunchScreen.storyboard;
				INFOPLIST_KEY_UIMainStoryboardFile = LaunchScreen;
				INFOPLIST_KEY_UISupportedInterfaceOrientations_iPhone = "UIInterfaceOrientationPortrait UIInterfaceOrientationLandscapeLeft UIInterfaceOrientationLandscapeRight";
				IPHONEOS_DEPLOYMENT_TARGET = 12.4;
				LD_RUNPATH_SEARCH_PATHS = (
					"$(inherited)",
					"@executable_path/Frameworks",
				);
				MARKETING_VERSION = 1.0.0;
				PRODUCT_BUNDLE_IDENTIFIER = "com.Dropbox-Media-Viewer";
				PRODUCT_NAME = "$(TARGET_NAME)";
				SUPPORTED_PLATFORMS = "iphoneos iphonesimulator";
				SUPPORTS_MACCATALYST = NO;
				SUPPORTS_MAC_DESIGNED_FOR_IPHONE_IPAD = NO;
				SWIFT_EMIT_LOC_STRINGS = YES;
				SWIFT_VERSION = 5.0;
				TARGETED_DEVICE_FAMILY = 1;
			};
			name = Release;
		};
		8415C9EF2A9DD3040053B2F2 /* Debug */ = {
			isa = XCBuildConfiguration;
			baseConfigurationReference = EC604930888F627A36DFE502 /* Pods-Dropbox Media ViewerTests.debug.xcconfig */;
			buildSettings = {
				ALWAYS_EMBED_SWIFT_STANDARD_LIBRARIES = YES;
				BUNDLE_LOADER = "$(TEST_HOST)";
				CODE_SIGN_STYLE = Automatic;
				CURRENT_PROJECT_VERSION = 1;
				DEVELOPMENT_TEAM = N4M3759P9C;
				GENERATE_INFOPLIST_FILE = YES;
				IPHONEOS_DEPLOYMENT_TARGET = 16.1;
				MARKETING_VERSION = 1.0;
				PRODUCT_BUNDLE_IDENTIFIER = "com.Dropbox-Media-ViewerTests";
				PRODUCT_NAME = "$(TARGET_NAME)";
				SWIFT_EMIT_LOC_STRINGS = NO;
				SWIFT_VERSION = 5.0;
				TARGETED_DEVICE_FAMILY = "1,2";
				TEST_HOST = "$(BUILT_PRODUCTS_DIR)/Dropbox Media Viewer.app/$(BUNDLE_EXECUTABLE_FOLDER_PATH)/Dropbox Media Viewer";
			};
			name = Debug;
		};
		8415C9F02A9DD3040053B2F2 /* Release */ = {
			isa = XCBuildConfiguration;
			baseConfigurationReference = 6615700D97796E21C2A7D188 /* Pods-Dropbox Media ViewerTests.release.xcconfig */;
			buildSettings = {
				ALWAYS_EMBED_SWIFT_STANDARD_LIBRARIES = YES;
				BUNDLE_LOADER = "$(TEST_HOST)";
				CODE_SIGN_STYLE = Automatic;
				CURRENT_PROJECT_VERSION = 1;
				DEVELOPMENT_TEAM = N4M3759P9C;
				GENERATE_INFOPLIST_FILE = YES;
				IPHONEOS_DEPLOYMENT_TARGET = 16.1;
				MARKETING_VERSION = 1.0;
				PRODUCT_BUNDLE_IDENTIFIER = "com.Dropbox-Media-ViewerTests";
				PRODUCT_NAME = "$(TARGET_NAME)";
				SWIFT_EMIT_LOC_STRINGS = NO;
				SWIFT_VERSION = 5.0;
				TARGETED_DEVICE_FAMILY = "1,2";
				TEST_HOST = "$(BUILT_PRODUCTS_DIR)/Dropbox Media Viewer.app/$(BUNDLE_EXECUTABLE_FOLDER_PATH)/Dropbox Media Viewer";
			};
			name = Release;
		};
		8415C9F22A9DD3040053B2F2 /* Debug */ = {
			isa = XCBuildConfiguration;
			baseConfigurationReference = 8A0545DFBB8B36A8A9F55F52 /* Pods-Dropbox Media Viewer-Dropbox Media ViewerUITests.debug.xcconfig */;
			buildSettings = {
				ALWAYS_EMBED_SWIFT_STANDARD_LIBRARIES = YES;
				CODE_SIGN_STYLE = Automatic;
				CURRENT_PROJECT_VERSION = 1;
				DEVELOPMENT_TEAM = N4M3759P9C;
				GENERATE_INFOPLIST_FILE = YES;
				MARKETING_VERSION = 1.0;
				PRODUCT_BUNDLE_IDENTIFIER = "com.Dropbox-Media-ViewerUITests";
				PRODUCT_NAME = "$(TARGET_NAME)";
				SWIFT_EMIT_LOC_STRINGS = NO;
				SWIFT_VERSION = 5.0;
				TARGETED_DEVICE_FAMILY = "1,2";
				TEST_TARGET_NAME = "Dropbox Media Viewer";
			};
			name = Debug;
		};
		8415C9F32A9DD3040053B2F2 /* Release */ = {
			isa = XCBuildConfiguration;
			baseConfigurationReference = 1AC6659E4F022CE0977C1024 /* Pods-Dropbox Media Viewer-Dropbox Media ViewerUITests.release.xcconfig */;
			buildSettings = {
				ALWAYS_EMBED_SWIFT_STANDARD_LIBRARIES = YES;
				CODE_SIGN_STYLE = Automatic;
				CURRENT_PROJECT_VERSION = 1;
				DEVELOPMENT_TEAM = N4M3759P9C;
				GENERATE_INFOPLIST_FILE = YES;
				MARKETING_VERSION = 1.0;
				PRODUCT_BUNDLE_IDENTIFIER = "com.Dropbox-Media-ViewerUITests";
				PRODUCT_NAME = "$(TARGET_NAME)";
				SWIFT_EMIT_LOC_STRINGS = NO;
				SWIFT_VERSION = 5.0;
				TARGETED_DEVICE_FAMILY = "1,2";
				TEST_TARGET_NAME = "Dropbox Media Viewer";
			};
			name = Release;
		};
		84B242682AA6288400255CE6 /* Debug */ = {
			isa = XCBuildConfiguration;
			buildSettings = {
				CODE_SIGN_STYLE = Automatic;
				CURRENT_PROJECT_VERSION = 1;
				DEVELOPMENT_TEAM = N4M3759P9C;
				GENERATE_INFOPLIST_FILE = YES;
				INFOPLIST_FILE = PW/Info.plist;
				INFOPLIST_KEY_CFBundleDisplayName = PW;
				INFOPLIST_KEY_NSHumanReadableCopyright = "";
				LD_RUNPATH_SEARCH_PATHS = (
					"$(inherited)",
					"@executable_path/Frameworks",
					"@executable_path/../../Frameworks",
				);
				MARKETING_VERSION = 1.0;
				PRODUCT_BUNDLE_IDENTIFIER = "com.Dropbox-Media-Viewer.PW";
				PRODUCT_NAME = "$(TARGET_NAME)";
				SKIP_INSTALL = YES;
				SWIFT_EMIT_LOC_STRINGS = YES;
				SWIFT_VERSION = 5.0;
				TARGETED_DEVICE_FAMILY = "1,2";
			};
			name = Debug;
		};
		84B242692AA6288400255CE6 /* Release */ = {
			isa = XCBuildConfiguration;
			buildSettings = {
				CODE_SIGN_STYLE = Automatic;
				CURRENT_PROJECT_VERSION = 1;
				DEVELOPMENT_TEAM = N4M3759P9C;
				GENERATE_INFOPLIST_FILE = YES;
				INFOPLIST_FILE = PW/Info.plist;
				INFOPLIST_KEY_CFBundleDisplayName = PW;
				INFOPLIST_KEY_NSHumanReadableCopyright = "";
				LD_RUNPATH_SEARCH_PATHS = (
					"$(inherited)",
					"@executable_path/Frameworks",
					"@executable_path/../../Frameworks",
				);
				MARKETING_VERSION = 1.0;
				PRODUCT_BUNDLE_IDENTIFIER = "com.Dropbox-Media-Viewer.PW";
				PRODUCT_NAME = "$(TARGET_NAME)";
				SKIP_INSTALL = YES;
				SWIFT_EMIT_LOC_STRINGS = YES;
				SWIFT_VERSION = 5.0;
				TARGETED_DEVICE_FAMILY = "1,2";
			};
			name = Release;
		};
/* End XCBuildConfiguration section */

/* Begin XCConfigurationList section */
		8415C9B92A9DD2FC0053B2F2 /* Build configuration list for PBXProject "Dropbox Media Viewer" */ = {
			isa = XCConfigurationList;
			buildConfigurations = (
				8415C9E92A9DD3040053B2F2 /* Debug */,
				8415C9EA2A9DD3040053B2F2 /* Release */,
			);
			defaultConfigurationIsVisible = 0;
			defaultConfigurationName = Release;
		};
		8415C9EB2A9DD3040053B2F2 /* Build configuration list for PBXNativeTarget "Dropbox Media Viewer" */ = {
			isa = XCConfigurationList;
			buildConfigurations = (
				8415C9EC2A9DD3040053B2F2 /* Debug */,
				8415C9ED2A9DD3040053B2F2 /* Release */,
			);
			defaultConfigurationIsVisible = 0;
			defaultConfigurationName = Release;
		};
		8415C9EE2A9DD3040053B2F2 /* Build configuration list for PBXNativeTarget "Dropbox Media ViewerTests" */ = {
			isa = XCConfigurationList;
			buildConfigurations = (
				8415C9EF2A9DD3040053B2F2 /* Debug */,
				8415C9F02A9DD3040053B2F2 /* Release */,
			);
			defaultConfigurationIsVisible = 0;
			defaultConfigurationName = Release;
		};
		8415C9F12A9DD3040053B2F2 /* Build configuration list for PBXNativeTarget "Dropbox Media ViewerUITests" */ = {
			isa = XCConfigurationList;
			buildConfigurations = (
				8415C9F22A9DD3040053B2F2 /* Debug */,
				8415C9F32A9DD3040053B2F2 /* Release */,
			);
			defaultConfigurationIsVisible = 0;
			defaultConfigurationName = Release;
		};
		84B242672AA6288400255CE6 /* Build configuration list for PBXNativeTarget "PW" */ = {
			isa = XCConfigurationList;
			buildConfigurations = (
				84B242682AA6288400255CE6 /* Debug */,
				84B242692AA6288400255CE6 /* Release */,
			);
			defaultConfigurationIsVisible = 0;
			defaultConfigurationName = Release;
		};
/* End XCConfigurationList section */

/* Begin XCRemoteSwiftPackageReference section */
		84B242582AA6279500255CE6 /* XCRemoteSwiftPackageReference "Pushwoosh-XCFramework" */ = {
			isa = XCRemoteSwiftPackageReference;
			repositoryURL = "https://github.com/Pushwoosh/Pushwoosh-XCFramework";
			requirement = {
				kind = upToNextMajorVersion;
				minimumVersion = 6.0.0;
			};
		};
/* End XCRemoteSwiftPackageReference section */

/* Begin XCSwiftPackageProductDependency section */
		84B242592AA6279500255CE6 /* Pushwoosh */ = {
			isa = XCSwiftPackageProductDependency;
			package = 84B242582AA6279500255CE6 /* XCRemoteSwiftPackageReference "Pushwoosh-XCFramework" */;
			productName = Pushwoosh;
		};
/* End XCSwiftPackageProductDependency section */

/* Begin XCVersionGroup section */
		8415C9CA2A9DD2FC0053B2F2 /* Dropbox_Media_Viewer.xcdatamodeld */ = {
			isa = XCVersionGroup;
			children = (
				8415C9CB2A9DD2FC0053B2F2 /* Dropbox_Media_Viewer.xcdatamodel */,
			);
			currentVersion = 8415C9CB2A9DD2FC0053B2F2 /* Dropbox_Media_Viewer.xcdatamodel */;
			path = Dropbox_Media_Viewer.xcdatamodeld;
			sourceTree = "<group>";
			versionGroupType = wrapper.xcdatamodel;
		};
/* End XCVersionGroup section */
	};
	rootObject = 8415C9B62A9DD2FC0053B2F2 /* Project object */;
}
