// !$*UTF8*$!
{
	archiveVersion = 1;
	classes = {
	};
	objectVersion = 56;
	objects = {

/* Begin PBXBuildFile section */
		8415C9C22A9DD2FC0053B2F2 /* AppDelegate.swift in Sources */ = {isa = PBXBuildFile; fileRef = 8415C9C12A9DD2FC0053B2F2 /* AppDelegate.swift */; };
		8415C9C42A9DD2FC0053B2F2 /* SceneDelegate.swift in Sources */ = {isa = PBXBuildFile; fileRef = 8415C9C32A9DD2FC0053B2F2 /* SceneDelegate.swift */; };
		8415C9C62A9DD2FC0053B2F2 /* ViewController.swift in Sources */ = {isa = PBXBuildFile; fileRef = 8415C9C52A9DD2FC0053B2F2 /* ViewController.swift */; };
		8415C9C92A9DD2FC0053B2F2 /* Main.storyboard in Resources */ = {isa = PBXBuildFile; fileRef = 8415C9C72A9DD2FC0053B2F2 /* Main.storyboard */; };
		8415C9CC2A9DD2FC0053B2F2 /* Dropbox_Media_Viewer.xcdatamodeld in Sources */ = {isa = PBXBuildFile; fileRef = 8415C9CA2A9DD2FC0053B2F2 /* Dropbox_Media_Viewer.xcdatamodeld */; };
		8415C9CE2A9DD3030053B2F2 /* Assets.xcassets in Resources */ = {isa = PBXBuildFile; fileRef = 8415C9CD2A9DD3030053B2F2 /* Assets.xcassets */; };
		8415C9D12A9DD3030053B2F2 /* LaunchScreen.storyboard in Resources */ = {isa = PBXBuildFile; fileRef = 8415C9CF2A9DD3030053B2F2 /* LaunchScreen.storyboard */; };
		8415C9DC2A9DD3040053B2F2 /* Dropbox_Media_ViewerTests.swift in Sources */ = {isa = PBXBuildFile; fileRef = 8415C9DB2A9DD3040053B2F2 /* Dropbox_Media_ViewerTests.swift */; };
		8415C9E62A9DD3040053B2F2 /* Dropbox_Media_ViewerUITests.swift in Sources */ = {isa = PBXBuildFile; fileRef = 8415C9E52A9DD3040053B2F2 /* Dropbox_Media_ViewerUITests.swift */; };
		8415C9E82A9DD3040053B2F2 /* Dropbox_Media_ViewerUITestsLaunchTests.swift in Sources */ = {isa = PBXBuildFile; fileRef = 8415C9E72A9DD3040053B2F2 /* Dropbox_Media_ViewerUITestsLaunchTests.swift */; };
/* End PBXBuildFile section */

/* Begin PBXContainerItemProxy section */
		8415C9D82A9DD3040053B2F2 /* PBXContainerItemProxy */ = {
			isa = PBXContainerItemProxy;
			containerPortal = 8415C9B62A9DD2FC0053B2F2 /* Project object */;
			proxyType = 1;
			remoteGlobalIDString = 8415C9BD2A9DD2FC0053B2F2;
			remoteInfo = "Dropbox Media Viewer";
		};
		8415C9E22A9DD3040053B2F2 /* PBXContainerItemProxy */ = {
			isa = PBXContainerItemProxy;
			containerPortal = 8415C9B62A9DD2FC0053B2F2 /* Project object */;
			proxyType = 1;
			remoteGlobalIDString = 8415C9BD2A9DD2FC0053B2F2;
			remoteInfo = "Dropbox Media Viewer";
		};
/* End PBXContainerItemProxy section */

/* Begin PBXFileReference section */
		8415C9BE2A9DD2FC0053B2F2 /* Dropbox Media Viewer.app */ = {isa = PBXFileReference; explicitFileType = wrapper.application; includeInIndex = 0; path = "Dropbox Media Viewer.app"; sourceTree = BUILT_PRODUCTS_DIR; };
		8415C9C12A9DD2FC0053B2F2 /* AppDelegate.swift */ = {isa = PBXFileReference; lastKnownFileType = sourcecode.swift; path = AppDelegate.swift; sourceTree = "<group>"; };
		8415C9C32A9DD2FC0053B2F2 /* SceneDelegate.swift */ = {isa = PBXFileReference; lastKnownFileType = sourcecode.swift; path = SceneDelegate.swift; sourceTree = "<group>"; };
		8415C9C52A9DD2FC0053B2F2 /* ViewController.swift */ = {isa = PBXFileReference; lastKnownFileType = sourcecode.swift; path = ViewController.swift; sourceTree = "<group>"; };
		8415C9C82A9DD2FC0053B2F2 /* Base */ = {isa = PBXFileReference; lastKnownFileType = file.storyboard; name = Base; path = Base.lproj/Main.storyboard; sourceTree = "<group>"; };
		8415C9CB2A9DD2FC0053B2F2 /* Dropbox_Media_Viewer.xcdatamodel */ = {isa = PBXFileReference; lastKnownFileType = wrapper.xcdatamodel; path = Dropbox_Media_Viewer.xcdatamodel; sourceTree = "<group>"; };
		8415C9CD2A9DD3030053B2F2 /* Assets.xcassets */ = {isa = PBXFileReference; lastKnownFileType = folder.assetcatalog; path = Assets.xcassets; sourceTree = "<group>"; };
		8415C9D02A9DD3030053B2F2 /* Base */ = {isa = PBXFileReference; lastKnownFileType = file.storyboard; name = Base; path = Base.lproj/LaunchScreen.storyboard; sourceTree = "<group>"; };
		8415C9D22A9DD3030053B2F2 /* Info.plist */ = {isa = PBXFileReference; lastKnownFileType = text.plist.xml; path = Info.plist; sourceTree = "<group>"; };
		8415C9D72A9DD3040053B2F2 /* Dropbox Media ViewerTests.xctest */ = {isa = PBXFileReference; explicitFileType = wrapper.cfbundle; includeInIndex = 0; path = "Dropbox Media ViewerTests.xctest"; sourceTree = BUILT_PRODUCTS_DIR; };
		8415C9DB2A9DD3040053B2F2 /* Dropbox_Media_ViewerTests.swift */ = {isa = PBXFileReference; lastKnownFileType = sourcecode.swift; path = Dropbox_Media_ViewerTests.swift; sourceTree = "<group>"; };
		8415C9E12A9DD3040053B2F2 /* Dropbox Media ViewerUITests.xctest */ = {isa = PBXFileReference; explicitFileType = wrapper.cfbundle; includeInIndex = 0; path = "Dropbox Media ViewerUITests.xctest"; sourceTree = BUILT_PRODUCTS_DIR; };
		8415C9E52A9DD3040053B2F2 /* Dropbox_Media_ViewerUITests.swift */ = {isa = PBXFileReference; lastKnownFileType = sourcecode.swift; path = Dropbox_Media_ViewerUITests.swift; sourceTree = "<group>"; };
		8415C9E72A9DD3040053B2F2 /* Dropbox_Media_ViewerUITestsLaunchTests.swift */ = {isa = PBXFileReference; lastKnownFileType = sourcecode.swift; path = Dropbox_Media_ViewerUITestsLaunchTests.swift; sourceTree = "<group>"; };
/* End PBXFileReference section */

/* Begin PBXFrameworksBuildPhase section */
		8415C9BB2A9DD2FC0053B2F2 /* Frameworks */ = {
			isa = PBXFrameworksBuildPhase;
			buildActionMask = 2147483647;
			files = (
			);
			runOnlyForDeploymentPostprocessing = 0;
		};
		8415C9D42A9DD3040053B2F2 /* Frameworks */ = {
			isa = PBXFrameworksBuildPhase;
			buildActionMask = 2147483647;
			files = (
			);
			runOnlyForDeploymentPostprocessing = 0;
		};
		8415C9DE2A9DD3040053B2F2 /* Frameworks */ = {
			isa = PBXFrameworksBuildPhase;
			buildActionMask = 2147483647;
			files = (
			);
			runOnlyForDeploymentPostprocessing = 0;
		};
/* End PBXFrameworksBuildPhase section */

/* Begin PBXGroup section */
		8415C9B52A9DD2FC0053B2F2 = {
			isa = PBXGroup;
			children = (
				8415C9C02A9DD2FC0053B2F2 /* Dropbox Media Viewer */,
				8415C9DA2A9DD3040053B2F2 /* Dropbox Media ViewerTests */,
				8415C9E42A9DD3040053B2F2 /* Dropbox Media ViewerUITests */,
				8415C9BF2A9DD2FC0053B2F2 /* Products */,
			);
			sourceTree = "<group>";
		};
		8415C9BF2A9DD2FC0053B2F2 /* Products */ = {
			isa = PBXGroup;
			children = (
				8415C9BE2A9DD2FC0053B2F2 /* Dropbox Media Viewer.app */,
				8415C9D72A9DD3040053B2F2 /* Dropbox Media ViewerTests.xctest */,
				8415C9E12A9DD3040053B2F2 /* Dropbox Media ViewerUITests.xctest */,
			);
			name = Products;
			sourceTree = "<group>";
		};
		8415C9C02A9DD2FC0053B2F2 /* Dropbox Media Viewer */ = {
			isa = PBXGroup;
			children = (
				8415C9C12A9DD2FC0053B2F2 /* AppDelegate.swift */,
				8415C9C32A9DD2FC0053B2F2 /* SceneDelegate.swift */,
				8415C9C52A9DD2FC0053B2F2 /* ViewController.swift */,
				8415C9C72A9DD2FC0053B2F2 /* Main.storyboard */,
				8415C9CD2A9DD3030053B2F2 /* Assets.xcassets */,
				8415C9CF2A9DD3030053B2F2 /* LaunchScreen.storyboard */,
				8415C9D22A9DD3030053B2F2 /* Info.plist */,
				8415C9CA2A9DD2FC0053B2F2 /* Dropbox_Media_Viewer.xcdatamodeld */,
			);
			path = "Dropbox Media Viewer";
			sourceTree = "<group>";
		};
		8415C9DA2A9DD3040053B2F2 /* Dropbox Media ViewerTests */ = {
			isa = PBXGroup;
			children = (
				8415C9DB2A9DD3040053B2F2 /* Dropbox_Media_ViewerTests.swift */,
			);
			path = "Dropbox Media ViewerTests";
			sourceTree = "<group>";
		};
		8415C9E42A9DD3040053B2F2 /* Dropbox Media ViewerUITests */ = {
			isa = PBXGroup;
			children = (
				8415C9E52A9DD3040053B2F2 /* Dropbox_Media_ViewerUITests.swift */,
				8415C9E72A9DD3040053B2F2 /* Dropbox_Media_ViewerUITestsLaunchTests.swift */,
			);
			path = "Dropbox Media ViewerUITests";
			sourceTree = "<group>";
		};
/* End PBXGroup section */

/* Begin PBXNativeTarget section */
		8415C9BD2A9DD2FC0053B2F2 /* Dropbox Media Viewer */ = {
			isa = PBXNativeTarget;
			buildConfigurationList = 8415C9EB2A9DD3040053B2F2 /* Build configuration list for PBXNativeTarget "Dropbox Media Viewer" */;
			buildPhases = (
				8415C9BA2A9DD2FC0053B2F2 /* Sources */,
				8415C9BB2A9DD2FC0053B2F2 /* Frameworks */,
				8415C9BC2A9DD2FC0053B2F2 /* Resources */,
			);
			buildRules = (
			);
			dependencies = (
			);
			name = "Dropbox Media Viewer";
			productName = "Dropbox Media Viewer";
			productReference = 8415C9BE2A9DD2FC0053B2F2 /* Dropbox Media Viewer.app */;
			productType = "com.apple.product-type.application";
		};
		8415C9D62A9DD3040053B2F2 /* Dropbox Media ViewerTests */ = {
			isa = PBXNativeTarget;
			buildConfigurationList = 8415C9EE2A9DD3040053B2F2 /* Build configuration list for PBXNativeTarget "Dropbox Media ViewerTests" */;
			buildPhases = (
				8415C9D32A9DD3040053B2F2 /* Sources */,
				8415C9D42A9DD3040053B2F2 /* Frameworks */,
				8415C9D52A9DD3040053B2F2 /* Resources */,
			);
			buildRules = (
			);
			dependencies = (
				8415C9D92A9DD3040053B2F2 /* PBXTargetDependency */,
			);
			name = "Dropbox Media ViewerTests";
			productName = "Dropbox Media ViewerTests";
			productReference = 8415C9D72A9DD3040053B2F2 /* Dropbox Media ViewerTests.xctest */;
			productType = "com.apple.product-type.bundle.unit-test";
		};
		8415C9E02A9DD3040053B2F2 /* Dropbox Media ViewerUITests */ = {
			isa = PBXNativeTarget;
			buildConfigurationList = 8415C9F12A9DD3040053B2F2 /* Build configuration list for PBXNativeTarget "Dropbox Media ViewerUITests" */;
			buildPhases = (
				8415C9DD2A9DD3040053B2F2 /* Sources */,
				8415C9DE2A9DD3040053B2F2 /* Frameworks */,
				8415C9DF2A9DD3040053B2F2 /* Resources */,
			);
			buildRules = (
			);
			dependencies = (
				8415C9E32A9DD3040053B2F2 /* PBXTargetDependency */,
			);
			name = "Dropbox Media ViewerUITests";
			productName = "Dropbox Media ViewerUITests";
			productReference = 8415C9E12A9DD3040053B2F2 /* Dropbox Media ViewerUITests.xctest */;
			productType = "com.apple.product-type.bundle.ui-testing";
		};
/* End PBXNativeTarget section */

/* Begin PBXProject section */
		8415C9B62A9DD2FC0053B2F2 /* Project object */ = {
			isa = PBXProject;
			attributes = {
				BuildIndependentTargetsInParallel = 1;
				LastSwiftUpdateCheck = 1410;
				LastUpgradeCheck = 1410;
				TargetAttributes = {
					8415C9BD2A9DD2FC0053B2F2 = {
						CreatedOnToolsVersion = 14.1;
					};
					8415C9D62A9DD3040053B2F2 = {
						CreatedOnToolsVersion = 14.1;
						TestTargetID = 8415C9BD2A9DD2FC0053B2F2;
					};
					8415C9E02A9DD3040053B2F2 = {
						CreatedOnToolsVersion = 14.1;
						TestTargetID = 8415C9BD2A9DD2FC0053B2F2;
					};
				};
			};
			buildConfigurationList = 8415C9B92A9DD2FC0053B2F2 /* Build configuration list for PBXProject "Dropbox Media Viewer" */;
			compatibilityVersion = "Xcode 14.0";
			developmentRegion = en;
			hasScannedForEncodings = 0;
			knownRegions = (
				en,
				Base,
			);
			mainGroup = 8415C9B52A9DD2FC0053B2F2;
			productRefGroup = 8415C9BF2A9DD2FC0053B2F2 /* Products */;
			projectDirPath = "";
			projectRoot = "";
			targets = (
				8415C9BD2A9DD2FC0053B2F2 /* Dropbox Media Viewer */,
				8415C9D62A9DD3040053B2F2 /* Dropbox Media ViewerTests */,
				8415C9E02A9DD3040053B2F2 /* Dropbox Media ViewerUITests */,
			);
		};
/* End PBXProject section */

/* Begin PBXResourcesBuildPhase section */
		8415C9BC2A9DD2FC0053B2F2 /* Resources */ = {
			isa = PBXResourcesBuildPhase;
			buildActionMask = 2147483647;
			files = (
				8415C9D12A9DD3030053B2F2 /* LaunchScreen.storyboard in Resources */,
				8415C9CE2A9DD3030053B2F2 /* Assets.xcassets in Resources */,
				8415C9C92A9DD2FC0053B2F2 /* Main.storyboard in Resources */,
			);
			runOnlyForDeploymentPostprocessing = 0;
		};
		8415C9D52A9DD3040053B2F2 /* Resources */ = {
			isa = PBXResourcesBuildPhase;
			buildActionMask = 2147483647;
			files = (
			);
			runOnlyForDeploymentPostprocessing = 0;
		};
		8415C9DF2A9DD3040053B2F2 /* Resources */ = {
			isa = PBXResourcesBuildPhase;
			buildActionMask = 2147483647;
			files = (
			);
			runOnlyForDeploymentPostprocessing = 0;
		};
/* End PBXResourcesBuildPhase section */

/* Begin PBXSourcesBuildPhase section */
		8415C9BA2A9DD2FC0053B2F2 /* Sources */ = {
			isa = PBXSourcesBuildPhase;
			buildActionMask = 2147483647;
			files = (
				8415C9C62A9DD2FC0053B2F2 /* ViewController.swift in Sources */,
				8415C9CC2A9DD2FC0053B2F2 /* Dropbox_Media_Viewer.xcdatamodeld in Sources */,
				8415C9C22A9DD2FC0053B2F2 /* AppDelegate.swift in Sources */,
				8415C9C42A9DD2FC0053B2F2 /* SceneDelegate.swift in Sources */,
			);
			runOnlyForDeploymentPostprocessing = 0;
		};
		8415C9D32A9DD3040053B2F2 /* Sources */ = {
			isa = PBXSourcesBuildPhase;
			buildActionMask = 2147483647;
			files = (
				8415C9DC2A9DD3040053B2F2 /* Dropbox_Media_ViewerTests.swift in Sources */,
			);
			runOnlyForDeploymentPostprocessing = 0;
		};
		8415C9DD2A9DD3040053B2F2 /* Sources */ = {
			isa = PBXSourcesBuildPhase;
			buildActionMask = 2147483647;
			files = (
				8415C9E82A9DD3040053B2F2 /* Dropbox_Media_ViewerUITestsLaunchTests.swift in Sources */,
				8415C9E62A9DD3040053B2F2 /* Dropbox_Media_ViewerUITests.swift in Sources */,
			);
			runOnlyForDeploymentPostprocessing = 0;
		};
/* End PBXSourcesBuildPhase section */

/* Begin PBXTargetDependency section */
		8415C9D92A9DD3040053B2F2 /* PBXTargetDependency */ = {
			isa = PBXTargetDependency;
			target = 8415C9BD2A9DD2FC0053B2F2 /* Dropbox Media Viewer */;
			targetProxy = 8415C9D82A9DD3040053B2F2 /* PBXContainerItemProxy */;
		};
		8415C9E32A9DD3040053B2F2 /* PBXTargetDependency */ = {
			isa = PBXTargetDependency;
			target = 8415C9BD2A9DD2FC0053B2F2 /* Dropbox Media Viewer */;
			targetProxy = 8415C9E22A9DD3040053B2F2 /* PBXContainerItemProxy */;
		};
/* End PBXTargetDependency section */

/* Begin PBXVariantGroup section */
		8415C9C72A9DD2FC0053B2F2 /* Main.storyboard */ = {
			isa = PBXVariantGroup;
			children = (
				8415C9C82A9DD2FC0053B2F2 /* Base */,
			);
			name = Main.storyboard;
			sourceTree = "<group>";
		};
		8415C9CF2A9DD3030053B2F2 /* LaunchScreen.storyboard */ = {
			isa = PBXVariantGroup;
			children = (
				8415C9D02A9DD3030053B2F2 /* Base */,
			);
			name = LaunchScreen.storyboard;
			sourceTree = "<group>";
		};
/* End PBXVariantGroup section */

/* Begin XCBuildConfiguration section */
		8415C9E92A9DD3040053B2F2 /* Debug */ = {
			isa = XCBuildConfiguration;
			buildSettings = {
				ALWAYS_SEARCH_USER_PATHS = NO;
				CLANG_ANALYZER_NONNULL = YES;
				CLANG_ANALYZER_NUMBER_OBJECT_CONVERSION = YES_AGGRESSIVE;
				CLANG_CXX_LANGUAGE_STANDARD = "gnu++20";
				CLANG_ENABLE_MODULES = YES;
				CLANG_ENABLE_OBJC_ARC = YES;
				CLANG_ENABLE_OBJC_WEAK = YES;
				CLANG_WARN_BLOCK_CAPTURE_AUTORELEASING = YES;
				CLANG_WARN_BOOL_CONVERSION = YES;
				CLANG_WARN_COMMA = YES;
				CLANG_WARN_CONSTANT_CONVERSION = YES;
				CLANG_WARN_DEPRECATED_OBJC_IMPLEMENTATIONS = YES;
				CLANG_WARN_DIRECT_OBJC_ISA_USAGE = YES_ERROR;
				CLANG_WARN_DOCUMENTATION_COMMENTS = YES;
				CLANG_WARN_EMPTY_BODY = YES;
				CLANG_WARN_ENUM_CONVERSION = YES;
				CLANG_WARN_INFINITE_RECURSION = YES;
				CLANG_WARN_INT_CONVERSION = YES;
				CLANG_WARN_NON_LITERAL_NULL_CONVERSION = YES;
				CLANG_WARN_OBJC_IMPLICIT_RETAIN_SELF = YES;
				CLANG_WARN_OBJC_LITERAL_CONVERSION = YES;
				CLANG_WARN_OBJC_ROOT_CLASS = YES_ERROR;
				CLANG_WARN_QUOTED_INCLUDE_IN_FRAMEWORK_HEADER = YES;
				CLANG_WARN_RANGE_LOOP_ANALYSIS = YES;
				CLANG_WARN_STRICT_PROTOTYPES = YES;
				CLANG_WARN_SUSPICIOUS_MOVE = YES;
				CLANG_WARN_UNGUARDED_AVAILABILITY = YES_AGGRESSIVE;
				CLANG_WARN_UNREACHABLE_CODE = YES;
				CLANG_WARN__DUPLICATE_METHOD_MATCH = YES;
				COPY_PHASE_STRIP = NO;
				DEBUG_INFORMATION_FORMAT = dwarf;
				ENABLE_STRICT_OBJC_MSGSEND = YES;
				ENABLE_TESTABILITY = YES;
				GCC_C_LANGUAGE_STANDARD = gnu11;
				GCC_DYNAMIC_NO_PIC = NO;
				GCC_NO_COMMON_BLOCKS = YES;
				GCC_OPTIMIZATION_LEVEL = 0;
				GCC_PREPROCESSOR_DEFINITIONS = (
					"DEBUG=1",
					"$(inherited)",
				);
				GCC_WARN_64_TO_32_BIT_CONVERSION = YES;
				GCC_WARN_ABOUT_RETURN_TYPE = YES_ERROR;
				GCC_WARN_UNDECLARED_SELECTOR = YES;
				GCC_WARN_UNINITIALIZED_AUTOS = YES_AGGRESSIVE;
				GCC_WARN_UNUSED_FUNCTION = YES;
				GCC_WARN_UNUSED_VARIABLE = YES;
				IPHONEOS_DEPLOYMENT_TARGET = 16.1;
				MTL_ENABLE_DEBUG_INFO = INCLUDE_SOURCE;
				MTL_FAST_MATH = YES;
				ONLY_ACTIVE_ARCH = YES;
				SDKROOT = iphoneos;
				SWIFT_ACTIVE_COMPILATION_CONDITIONS = DEBUG;
				SWIFT_OPTIMIZATION_LEVEL = "-Onone";
			};
			name = Debug;
		};
		8415C9EA2A9DD3040053B2F2 /* Release */ = {
			isa = XCBuildConfiguration;
			buildSettings = {
				ALWAYS_SEARCH_USER_PATHS = NO;
				CLANG_ANALYZER_NONNULL = YES;
				CLANG_ANALYZER_NUMBER_OBJECT_CONVERSION = YES_AGGRESSIVE;
				CLANG_CXX_LANGUAGE_STANDARD = "gnu++20";
				CLANG_ENABLE_MODULES = YES;
				CLANG_ENABLE_OBJC_ARC = YES;
				CLANG_ENABLE_OBJC_WEAK = YES;
				CLANG_WARN_BLOCK_CAPTURE_AUTORELEASING = YES;
				CLANG_WARN_BOOL_CONVERSION = YES;
				CLANG_WARN_COMMA = YES;
				CLANG_WARN_CONSTANT_CONVERSION = YES;
				CLANG_WARN_DEPRECATED_OBJC_IMPLEMENTATIONS = YES;
				CLANG_WARN_DIRECT_OBJC_ISA_USAGE = YES_ERROR;
				CLANG_WARN_DOCUMENTATION_COMMENTS = YES;
				CLANG_WARN_EMPTY_BODY = YES;
				CLANG_WARN_ENUM_CONVERSION = YES;
				CLANG_WARN_INFINITE_RECURSION = YES;
				CLANG_WARN_INT_CONVERSION = YES;
				CLANG_WARN_NON_LITERAL_NULL_CONVERSION = YES;
				CLANG_WARN_OBJC_IMPLICIT_RETAIN_SELF = YES;
				CLANG_WARN_OBJC_LITERAL_CONVERSION = YES;
				CLANG_WARN_OBJC_ROOT_CLASS = YES_ERROR;
				CLANG_WARN_QUOTED_INCLUDE_IN_FRAMEWORK_HEADER = YES;
				CLANG_WARN_RANGE_LOOP_ANALYSIS = YES;
				CLANG_WARN_STRICT_PROTOTYPES = YES;
				CLANG_WARN_SUSPICIOUS_MOVE = YES;
				CLANG_WARN_UNGUARDED_AVAILABILITY = YES_AGGRESSIVE;
				CLANG_WARN_UNREACHABLE_CODE = YES;
				CLANG_WARN__DUPLICATE_METHOD_MATCH = YES;
				COPY_PHASE_STRIP = NO;
				DEBUG_INFORMATION_FORMAT = "dwarf-with-dsym";
				ENABLE_NS_ASSERTIONS = NO;
				ENABLE_STRICT_OBJC_MSGSEND = YES;
				GCC_C_LANGUAGE_STANDARD = gnu11;
				GCC_NO_COMMON_BLOCKS = YES;
				GCC_WARN_64_TO_32_BIT_CONVERSION = YES;
				GCC_WARN_ABOUT_RETURN_TYPE = YES_ERROR;
				GCC_WARN_UNDECLARED_SELECTOR = YES;
				GCC_WARN_UNINITIALIZED_AUTOS = YES_AGGRESSIVE;
				GCC_WARN_UNUSED_FUNCTION = YES;
				GCC_WARN_UNUSED_VARIABLE = YES;
				IPHONEOS_DEPLOYMENT_TARGET = 16.1;
				MTL_ENABLE_DEBUG_INFO = NO;
				MTL_FAST_MATH = YES;
				SDKROOT = iphoneos;
				SWIFT_COMPILATION_MODE = wholemodule;
				SWIFT_OPTIMIZATION_LEVEL = "-O";
				VALIDATE_PRODUCT = YES;
			};
			name = Release;
		};
		8415C9EC2A9DD3040053B2F2 /* Debug */ = {
			isa = XCBuildConfiguration;
			buildSettings = {
				ASSETCATALOG_COMPILER_APPICON_NAME = AppIcon;
				ASSETCATALOG_COMPILER_GLOBAL_ACCENT_COLOR_NAME = AccentColor;
				CODE_SIGN_STYLE = Automatic;
				CURRENT_PROJECT_VERSION = 1;
				DEVELOPMENT_TEAM = N4M3759P9C;
				GENERATE_INFOPLIST_FILE = YES;
				INFOPLIST_FILE = "Dropbox Media Viewer/Info.plist";
				INFOPLIST_KEY_UIApplicationSupportsIndirectInputEvents = YES;
				INFOPLIST_KEY_UILaunchStoryboardName = LaunchScreen;
				INFOPLIST_KEY_UIMainStoryboardFile = Main;
				INFOPLIST_KEY_UISupportedInterfaceOrientations_iPad = "UIInterfaceOrientationPortrait UIInterfaceOrientationPortraitUpsideDown UIInterfaceOrientationLandscapeLeft UIInterfaceOrientationLandscapeRight";
				INFOPLIST_KEY_UISupportedInterfaceOrientations_iPhone = "UIInterfaceOrientationPortrait UIInterfaceOrientationLandscapeLeft UIInterfaceOrientationLandscapeRight";
				LD_RUNPATH_SEARCH_PATHS = (
					"$(inherited)",
					"@executable_path/Frameworks",
				);
				MARKETING_VERSION = 1.0;
				PRODUCT_BUNDLE_IDENTIFIER = "com.Dropbox-Media-Viewer";
				PRODUCT_NAME = "$(TARGET_NAME)";
				SWIFT_EMIT_LOC_STRINGS = YES;
				SWIFT_VERSION = 5.0;
				TARGETED_DEVICE_FAMILY = "1,2";
			};
			name = Debug;
		};
		8415C9ED2A9DD3040053B2F2 /* Release */ = {
			isa = XCBuildConfiguration;
			buildSettings = {
				ASSETCATALOG_COMPILER_APPICON_NAME = AppIcon;
				ASSETCATALOG_COMPILER_GLOBAL_ACCENT_COLOR_NAME = AccentColor;
				CODE_SIGN_STYLE = Automatic;
				CURRENT_PROJECT_VERSION = 1;
				DEVELOPMENT_TEAM = N4M3759P9C;
				GENERATE_INFOPLIST_FILE = YES;
				INFOPLIST_FILE = "Dropbox Media Viewer/Info.plist";
				INFOPLIST_KEY_UIApplicationSupportsIndirectInputEvents = YES;
				INFOPLIST_KEY_UILaunchStoryboardName = LaunchScreen;
				INFOPLIST_KEY_UIMainStoryboardFile = Main;
				INFOPLIST_KEY_UISupportedInterfaceOrientations_iPad = "UIInterfaceOrientationPortrait UIInterfaceOrientationPortraitUpsideDown UIInterfaceOrientationLandscapeLeft UIInterfaceOrientationLandscapeRight";
				INFOPLIST_KEY_UISupportedInterfaceOrientations_iPhone = "UIInterfaceOrientationPortrait UIInterfaceOrientationLandscapeLeft UIInterfaceOrientationLandscapeRight";
				LD_RUNPATH_SEARCH_PATHS = (
					"$(inherited)",
					"@executable_path/Frameworks",
				);
				MARKETING_VERSION = 1.0;
				PRODUCT_BUNDLE_IDENTIFIER = "com.Dropbox-Media-Viewer";
				PRODUCT_NAME = "$(TARGET_NAME)";
				SWIFT_EMIT_LOC_STRINGS = YES;
				SWIFT_VERSION = 5.0;
				TARGETED_DEVICE_FAMILY = "1,2";
			};
			name = Release;
		};
		8415C9EF2A9DD3040053B2F2 /* Debug */ = {
			isa = XCBuildConfiguration;
			buildSettings = {
				ALWAYS_EMBED_SWIFT_STANDARD_LIBRARIES = YES;
				BUNDLE_LOADER = "$(TEST_HOST)";
				CODE_SIGN_STYLE = Automatic;
				CURRENT_PROJECT_VERSION = 1;
				DEVELOPMENT_TEAM = N4M3759P9C;
				GENERATE_INFOPLIST_FILE = YES;
				IPHONEOS_DEPLOYMENT_TARGET = 16.1;
				MARKETING_VERSION = 1.0;
				PRODUCT_BUNDLE_IDENTIFIER = "com.Dropbox-Media-ViewerTests";
				PRODUCT_NAME = "$(TARGET_NAME)";
				SWIFT_EMIT_LOC_STRINGS = NO;
				SWIFT_VERSION = 5.0;
				TARGETED_DEVICE_FAMILY = "1,2";
				TEST_HOST = "$(BUILT_PRODUCTS_DIR)/Dropbox Media Viewer.app/$(BUNDLE_EXECUTABLE_FOLDER_PATH)/Dropbox Media Viewer";
			};
			name = Debug;
		};
		8415C9F02A9DD3040053B2F2 /* Release */ = {
			isa = XCBuildConfiguration;
			buildSettings = {
				ALWAYS_EMBED_SWIFT_STANDARD_LIBRARIES = YES;
				BUNDLE_LOADER = "$(TEST_HOST)";
				CODE_SIGN_STYLE = Automatic;
				CURRENT_PROJECT_VERSION = 1;
				DEVELOPMENT_TEAM = N4M3759P9C;
				GENERATE_INFOPLIST_FILE = YES;
				IPHONEOS_DEPLOYMENT_TARGET = 16.1;
				MARKETING_VERSION = 1.0;
				PRODUCT_BUNDLE_IDENTIFIER = "com.Dropbox-Media-ViewerTests";
				PRODUCT_NAME = "$(TARGET_NAME)";
				SWIFT_EMIT_LOC_STRINGS = NO;
				SWIFT_VERSION = 5.0;
				TARGETED_DEVICE_FAMILY = "1,2";
				TEST_HOST = "$(BUILT_PRODUCTS_DIR)/Dropbox Media Viewer.app/$(BUNDLE_EXECUTABLE_FOLDER_PATH)/Dropbox Media Viewer";
			};
			name = Release;
		};
		8415C9F22A9DD3040053B2F2 /* Debug */ = {
			isa = XCBuildConfiguration;
			buildSettings = {
				ALWAYS_EMBED_SWIFT_STANDARD_LIBRARIES = YES;
				CODE_SIGN_STYLE = Automatic;
				CURRENT_PROJECT_VERSION = 1;
				DEVELOPMENT_TEAM = N4M3759P9C;
				GENERATE_INFOPLIST_FILE = YES;
				MARKETING_VERSION = 1.0;
				PRODUCT_BUNDLE_IDENTIFIER = "com.Dropbox-Media-ViewerUITests";
				PRODUCT_NAME = "$(TARGET_NAME)";
				SWIFT_EMIT_LOC_STRINGS = NO;
				SWIFT_VERSION = 5.0;
				TARGETED_DEVICE_FAMILY = "1,2";
				TEST_TARGET_NAME = "Dropbox Media Viewer";
			};
			name = Debug;
		};
		8415C9F32A9DD3040053B2F2 /* Release */ = {
			isa = XCBuildConfiguration;
			buildSettings = {
				ALWAYS_EMBED_SWIFT_STANDARD_LIBRARIES = YES;
				CODE_SIGN_STYLE = Automatic;
				CURRENT_PROJECT_VERSION = 1;
				DEVELOPMENT_TEAM = N4M3759P9C;
				GENERATE_INFOPLIST_FILE = YES;
				MARKETING_VERSION = 1.0;
				PRODUCT_BUNDLE_IDENTIFIER = "com.Dropbox-Media-ViewerUITests";
				PRODUCT_NAME = "$(TARGET_NAME)";
				SWIFT_EMIT_LOC_STRINGS = NO;
				SWIFT_VERSION = 5.0;
				TARGETED_DEVICE_FAMILY = "1,2";
				TEST_TARGET_NAME = "Dropbox Media Viewer";
			};
			name = Release;
		};
/* End XCBuildConfiguration section */

/* Begin XCConfigurationList section */
		8415C9B92A9DD2FC0053B2F2 /* Build configuration list for PBXProject "Dropbox Media Viewer" */ = {
			isa = XCConfigurationList;
			buildConfigurations = (
				8415C9E92A9DD3040053B2F2 /* Debug */,
				8415C9EA2A9DD3040053B2F2 /* Release */,
			);
			defaultConfigurationIsVisible = 0;
			defaultConfigurationName = Release;
		};
		8415C9EB2A9DD3040053B2F2 /* Build configuration list for PBXNativeTarget "Dropbox Media Viewer" */ = {
			isa = XCConfigurationList;
			buildConfigurations = (
				8415C9EC2A9DD3040053B2F2 /* Debug */,
				8415C9ED2A9DD3040053B2F2 /* Release */,
			);
			defaultConfigurationIsVisible = 0;
			defaultConfigurationName = Release;
		};
		8415C9EE2A9DD3040053B2F2 /* Build configuration list for PBXNativeTarget "Dropbox Media ViewerTests" */ = {
			isa = XCConfigurationList;
			buildConfigurations = (
				8415C9EF2A9DD3040053B2F2 /* Debug */,
				8415C9F02A9DD3040053B2F2 /* Release */,
			);
			defaultConfigurationIsVisible = 0;
			defaultConfigurationName = Release;
		};
		8415C9F12A9DD3040053B2F2 /* Build configuration list for PBXNativeTarget "Dropbox Media ViewerUITests" */ = {
			isa = XCConfigurationList;
			buildConfigurations = (
				8415C9F22A9DD3040053B2F2 /* Debug */,
				8415C9F32A9DD3040053B2F2 /* Release */,
			);
			defaultConfigurationIsVisible = 0;
			defaultConfigurationName = Release;
		};
/* End XCConfigurationList section */

/* Begin XCVersionGroup section */
		8415C9CA2A9DD2FC0053B2F2 /* Dropbox_Media_Viewer.xcdatamodeld */ = {
			isa = XCVersionGroup;
			children = (
				8415C9CB2A9DD2FC0053B2F2 /* Dropbox_Media_Viewer.xcdatamodel */,
			);
			currentVersion = 8415C9CB2A9DD2FC0053B2F2 /* Dropbox_Media_Viewer.xcdatamodel */;
			path = Dropbox_Media_Viewer.xcdatamodeld;
			sourceTree = "<group>";
			versionGroupType = wrapper.xcdatamodel;
		};
/* End XCVersionGroup section */
	};
	rootObject = 8415C9B62A9DD2FC0053B2F2 /* Project object */;
}
